{
  "version": 4,
  "terraform_version": "1.3.9",
  "serial": 93,
  "lineage": "21c4835d-d7bc-6d80-235f-da7c12d31022",
  "outputs": {},
  "resources": [
    {
      "mode": "managed",
      "type": "gatsby_page",
      "name": "credits",
      "provider": "provider[\"registry.terraform.io/nint8835/gatsby\"]",
      "instances": [
        {
          "schema_version": 0,
          "attributes": {
            "contents": "- Large quantities of the CSS for this site came from [VS Code](https://github.com/microsoft/vscode/)\n  - `Copyright (c) 2015 - present Microsoft Corporation`\n  - License available [here](https://github.com/microsoft/vscode/blob/master/LICENSE.txt)\n- Font used site-wide is [Dank Mono](https://dank.sh)\n  - `Copyright (c) 2018 Grazil Ltd`\n- Theme for Monaco Editor was based off [The tmTheme editor Monokai example](https://tmtheme-editor.herokuapp.com/#!/editor/theme/Monokai), updated with Monokai Pro's colours, and converted using [this tmTheme to Monaco converter](https://bitwiser.in/monaco-themes/)\n\n- Colour scheme for this website was taken from [Monokai Pro](https://monokai.pro/). It's a fantastic theme, go give them your money if you use VS Code or Sublime Text\n  - `Copyright (c) 2017 – 2021 Monokai`\n- Syntax highlighting scheme base was taken from [PrismJS](https://github.com/PrismJS/prism/)\n  - `Copyright (c) 2012 Lea Verou`\n  - License available [here](https://github.com/PrismJS/prism/blob/master/LICENSE)",
            "frontmatter": {
              "description": "Credits to all of the things incorporated to make this site",
              "hidden": "true",
              "path": "/credits",
              "title": "credits",
              "weight": "100"
            },
            "id": "24ee7c4b-2c56-4d5a-8af1-2980f89f0432",
            "page_text": "---\ndescription: Credits to all of the things incorporated to make this site\nhidden: \"true\"\npath: /credits\ntitle: credits\nweight: \"100\"\n---\n- Large quantities of the CSS for this site came from [VS Code](https://github.com/microsoft/vscode/)\n  - `Copyright (c) 2015 - present Microsoft Corporation`\n  - License available [here](https://github.com/microsoft/vscode/blob/master/LICENSE.txt)\n- Font used site-wide is [Dank Mono](https://dank.sh)\n  - `Copyright (c) 2018 Grazil Ltd`\n- Theme for Monaco Editor was based off [The tmTheme editor Monokai example](https://tmtheme-editor.herokuapp.com/#!/editor/theme/Monokai), updated with Monokai Pro's colours, and converted using [this tmTheme to Monaco converter](https://bitwiser.in/monaco-themes/)\n\n- Colour scheme for this website was taken from [Monokai Pro](https://monokai.pro/). It's a fantastic theme, go give them your money if you use VS Code or Sublime Text\n  - `Copyright (c) 2017 – 2021 Monokai`\n- Syntax highlighting scheme base was taken from [PrismJS](https://github.com/PrismJS/prism/)\n  - `Copyright (c) 2012 Lea Verou`\n  - License available [here](https://github.com/PrismJS/prism/blob/master/LICENSE)"
          },
          "sensitive_attributes": [],
          "private": "bnVsbA==",
          "dependencies": [
            "gatsby_text_code.credits_copyright",
            "gatsby_text_link.dank_mono",
            "gatsby_text_link.monokai_pro",
            "gatsby_text_link.monokai_tmtheme",
            "gatsby_text_link.prismjs",
            "gatsby_text_link.prismjs_license",
            "gatsby_text_link.tmtheme_converter",
            "gatsby_text_link.vs_code",
            "gatsby_text_link.vs_code_license",
            "gatsby_text_list.credits_list",
            "gatsby_text_list.credits_subitems_list"
          ]
        }
      ]
    },
    {
      "mode": "managed",
      "type": "gatsby_page",
      "name": "index",
      "provider": "provider[\"registry.terraform.io/nint8835/gatsby\"]",
      "instances": [
        {
          "schema_version": 0,
          "attributes": {
            "contents": "Hi! I'm Riley. I'm a Full Stack Developer for [CoLab Software](https://www.colabsoftware.com)\n\n### Links\n\n- [Email](mailto:riley@rileyflynn.me)\n- [GitHub](https://github.com/nint8835)\n- [LinkedIn](https://www.linkedin.com/in/nint8835)\n- [Twitter](https://twitter.com/BootlegJohn)",
            "frontmatter": {
              "description": "Full Stack Developer for CoLab Software",
              "hidden": "false",
              "path": "/",
              "title": "index",
              "weight": "0"
            },
            "id": "2bd53c05-be2a-4d56-923b-d0c136b41b33",
            "page_text": "---\ndescription: Full Stack Developer for CoLab Software\nhidden: \"false\"\npath: /\ntitle: index\nweight: \"0\"\n---\nHi! I'm Riley. I'm a Full Stack Developer for [CoLab Software](https://www.colabsoftware.com)\n\n### Links\n\n- [Email](mailto:riley@rileyflynn.me)\n- [GitHub](https://github.com/nint8835)\n- [LinkedIn](https://www.linkedin.com/in/nint8835)\n- [Twitter](https://twitter.com/BootlegJohn)"
          },
          "sensitive_attributes": [],
          "private": "bnVsbA==",
          "dependencies": [
            "gatsby_text_heading.link_list_header",
            "gatsby_text_link.colab_link",
            "gatsby_text_link.link_list_link",
            "gatsby_text_list.index",
            "gatsby_text_list.link_list"
          ]
        }
      ]
    },
    {
      "mode": "managed",
      "type": "gatsby_page",
      "name": "projects",
      "provider": "provider[\"registry.terraform.io/nint8835/gatsby\"]",
      "instances": [
        {
          "schema_version": 0,
          "attributes": {
            "contents": "![Automata](/2021/images/projects/Automata.png)\n\n## Automata\n\nDiscord bot responsible for managing the MUN Computer Science Society Discord server, providing a variety of services including identity verification.\n\n[GitHub](https://github.com/MUNComputerScienceSociety/Automata)\n\n---\n\n![Borik](/2021/images/projects/Borik.png)\n\n## Borik\n\nImage manipulation-focused Discord bot based on ImageMagick.\n\n[GitHub](https://github.com/fogo-sh/borik)\n\n---\n\n![Chainmail](/2021/images/projects/Chainmail.png)\n\n## Chainmail\n\nWraps around the vanilla Minecraft server, intercepting output and injecting input in order to add simple plugin support.\n\n[GitHub](https://github.com/Chainmail-Project/Chainmail)\n\n---\n\n![iTunesRichPresence](/2021/images/projects/iTunesRichPresence.png)\n\n## iTunesRichPresence\n\nUtilizes the iTunes COM interface and Discord's RPC and Rich Presence APIs to share various pieces of information about the currently played music with other Discord users.\n\n[GitHub](https://github.com/nint8835/iTunesRichPresence)\n\n---\n\n![Jigsaw](/2021/images/projects/Jigsaw.png)\n\n## Jigsaw\n\nEasy to use library for adding plugin functionality to Python projects. Used to provide plugin functionality to Chainmail and NintbotForDiscord.\n\n[GitHub](https://github.com/nint8835/jigsaw) [Docs](https://jigsaw.readthedocs.io/en/latest/)\n\n---\n\n![NintbotForDiscord](/2021/images/projects/NintbotForDiscord.png)\n\n## NintbotForDiscord\n\nOne of the very first modular bot frameworks for Discord.\n\n[GitHub](https://github.com/nint8835/NintbotForDiscord)\n\n---\n\n![Parsley](/2021/images/projects/Parsley.png)\n\n## Parsley\n\nCommand parsing library for discordgo.\n\n[GitHub](https://github.com/nint8835/parsley) [Docs](https://pkg.go.dev/github.com/nint8835/parsley)\n\n---\n\n![SchoolTracker](/2021/images/projects/SchoolTracker.png)\n\n## SchoolTracker\n\nScrapes the NLESD Status Central website to keep track of the status for various schools, tweeting out whenever one updates.\n\n[GitHub](https://github.com/nint8835/SchoolTracker)\n\n---\n\n![terraform-provider-gatsby \u0026 gatsby-transformer-terraform](/2021/images/projects/terraform-provider-gatsby \u0026 gatsby-transformer-terraform.png)\n\n## terraform-provider-gatsby \u0026 gatsby-transformer-terraform\n\nTerraform provider and Gatsby plugin to allow writing content for Gatsby-based sites using Terraform.\n\n[GitHub (terraform-provider-gatsby)](https://github.com/nint8835/terraform-provider-gatsby) [GitHub (gatsby-transformer-terraform)](https://github.com/nint8835/gatsby-transformer-terraform)",
            "frontmatter": {
              "description": "A selected collection of the projects I've worked on",
              "hidden": "false",
              "path": "/projects",
              "title": "projects",
              "weight": "1"
            },
            "id": "b734a14e-5ef9-4c8e-9c23-eedaee50861a",
            "page_text": "---\ndescription: A selected collection of the projects I've worked on\nhidden: \"false\"\npath: /projects\ntitle: projects\nweight: \"1\"\n---\n![Automata](/2021/images/projects/Automata.png)\n\n## Automata\n\nDiscord bot responsible for managing the MUN Computer Science Society Discord server, providing a variety of services including identity verification.\n\n[GitHub](https://github.com/MUNComputerScienceSociety/Automata)\n\n---\n\n![Borik](/2021/images/projects/Borik.png)\n\n## Borik\n\nImage manipulation-focused Discord bot based on ImageMagick.\n\n[GitHub](https://github.com/fogo-sh/borik)\n\n---\n\n![Chainmail](/2021/images/projects/Chainmail.png)\n\n## Chainmail\n\nWraps around the vanilla Minecraft server, intercepting output and injecting input in order to add simple plugin support.\n\n[GitHub](https://github.com/Chainmail-Project/Chainmail)\n\n---\n\n![iTunesRichPresence](/2021/images/projects/iTunesRichPresence.png)\n\n## iTunesRichPresence\n\nUtilizes the iTunes COM interface and Discord's RPC and Rich Presence APIs to share various pieces of information about the currently played music with other Discord users.\n\n[GitHub](https://github.com/nint8835/iTunesRichPresence)\n\n---\n\n![Jigsaw](/2021/images/projects/Jigsaw.png)\n\n## Jigsaw\n\nEasy to use library for adding plugin functionality to Python projects. Used to provide plugin functionality to Chainmail and NintbotForDiscord.\n\n[GitHub](https://github.com/nint8835/jigsaw) [Docs](https://jigsaw.readthedocs.io/en/latest/)\n\n---\n\n![NintbotForDiscord](/2021/images/projects/NintbotForDiscord.png)\n\n## NintbotForDiscord\n\nOne of the very first modular bot frameworks for Discord.\n\n[GitHub](https://github.com/nint8835/NintbotForDiscord)\n\n---\n\n![Parsley](/2021/images/projects/Parsley.png)\n\n## Parsley\n\nCommand parsing library for discordgo.\n\n[GitHub](https://github.com/nint8835/parsley) [Docs](https://pkg.go.dev/github.com/nint8835/parsley)\n\n---\n\n![SchoolTracker](/2021/images/projects/SchoolTracker.png)\n\n## SchoolTracker\n\nScrapes the NLESD Status Central website to keep track of the status for various schools, tweeting out whenever one updates.\n\n[GitHub](https://github.com/nint8835/SchoolTracker)\n\n---\n\n![terraform-provider-gatsby \u0026 gatsby-transformer-terraform](/2021/images/projects/terraform-provider-gatsby \u0026 gatsby-transformer-terraform.png)\n\n## terraform-provider-gatsby \u0026 gatsby-transformer-terraform\n\nTerraform provider and Gatsby plugin to allow writing content for Gatsby-based sites using Terraform.\n\n[GitHub (terraform-provider-gatsby)](https://github.com/nint8835/terraform-provider-gatsby) [GitHub (gatsby-transformer-terraform)](https://github.com/nint8835/gatsby-transformer-terraform)"
          },
          "sensitive_attributes": [],
          "private": "bnVsbA==",
          "dependencies": [
            "gatsby_text_heading.project_heading",
            "gatsby_text_horizontal_rule.horizontal_rule",
            "gatsby_text_image.project_image",
            "gatsby_text_link.automata",
            "gatsby_text_link.borik",
            "gatsby_text_link.chainmail",
            "gatsby_text_link.gatsby_transformer_terraform",
            "gatsby_text_link.itunesrichpresence",
            "gatsby_text_link.jigsaw",
            "gatsby_text_link.jigsaw_docs",
            "gatsby_text_link.nintbotfordiscord",
            "gatsby_text_link.parsley",
            "gatsby_text_link.parsley_docs",
            "gatsby_text_link.schooltracker",
            "gatsby_text_link.terraform_provider_gatsby",
            "gatsby_text_list.project_entry",
            "gatsby_text_list.projects_list"
          ]
        }
      ]
    },
    {
      "mode": "managed",
      "type": "gatsby_page",
      "name": "work",
      "provider": "provider[\"registry.terraform.io/nint8835/gatsby\"]",
      "instances": [
        {
          "schema_version": 0,
          "attributes": {
            "contents": "![CoLab Software](/2021/images/work/colab-software.png)\n\n## CoLab Software\n\n**Full Stack Developer** - _September 2019 - Present_\n\nResponsible for working on many aspects of CoLab, a cloud-based design review and issue tracking platform.\n\n---\n\n**Full Stack Development Intern** - _April 2019 - September 2019_\n\nResponsible for working on many aspects of CoLab, a cloud-based design review and issue tracking platform.\n\n---\n\n![Memorial University of Newfoundland](/2021/images/work/memorial-university-of-newfoundland.png)\n\n## Memorial University of Newfoundland\n\n**System Administrator \u0026 Software Developer** - _January 2019 - April 2019_\n\nResponsible for handling the day-to-day technical management of [ISSF](https://github.com/toobigtoignore/issf) for Too Big To Ignore.\n\n---\n\n**Software Developer** - _December 2018 - January 2019_\n\nWorked as a contracted software developer over the Christmas break working on the backend of [ISSF](https://github.com/toobigtoignore/issf) for Too Big To Ignore.\n\nPerformed a number of tasks such as:\n\n- Rewrote site's search functionality to be more reliable and to return more relevant results\n- Discovered and resolved a number of security issues\n- Cleaned and wrote documentation for all backend code to make it easier for future developers to work with it\n- Added native PDF generation to the site, so PDF reports would be more accessible to people without the software or knowledge required\n- Fixed many bugs all over the site\n\nTechnologies used:\n\n- Docker\n- Django\n- Postgres\n",
            "frontmatter": {
              "description": "My past and current work experience.",
              "hidden": "false",
              "path": "/work",
              "title": "work",
              "weight": "3"
            },
            "id": "6d39d180-b0c8-4596-adcb-4279ce674c8d",
            "page_text": "---\ndescription: My past and current work experience.\nhidden: \"false\"\npath: /work\ntitle: work\nweight: \"3\"\n---\n![CoLab Software](/2021/images/work/colab-software.png)\n\n## CoLab Software\n\n**Full Stack Developer** - _September 2019 - Present_\n\nResponsible for working on many aspects of CoLab, a cloud-based design review and issue tracking platform.\n\n---\n\n**Full Stack Development Intern** - _April 2019 - September 2019_\n\nResponsible for working on many aspects of CoLab, a cloud-based design review and issue tracking platform.\n\n---\n\n![Memorial University of Newfoundland](/2021/images/work/memorial-university-of-newfoundland.png)\n\n## Memorial University of Newfoundland\n\n**System Administrator \u0026 Software Developer** - _January 2019 - April 2019_\n\nResponsible for handling the day-to-day technical management of [ISSF](https://github.com/toobigtoignore/issf) for Too Big To Ignore.\n\n---\n\n**Software Developer** - _December 2018 - January 2019_\n\nWorked as a contracted software developer over the Christmas break working on the backend of [ISSF](https://github.com/toobigtoignore/issf) for Too Big To Ignore.\n\nPerformed a number of tasks such as:\n\n- Rewrote site's search functionality to be more reliable and to return more relevant results\n- Discovered and resolved a number of security issues\n- Cleaned and wrote documentation for all backend code to make it easier for future developers to work with it\n- Added native PDF generation to the site, so PDF reports would be more accessible to people without the software or knowledge required\n- Fixed many bugs all over the site\n\nTechnologies used:\n\n- Docker\n- Django\n- Postgres\n"
          },
          "sensitive_attributes": [],
          "private": "bnVsbA==",
          "dependencies": [
            "gatsby_text_bold.role_title",
            "gatsby_text_heading.colab",
            "gatsby_text_heading.mun",
            "gatsby_text_horizontal_rule.horizontal_rule",
            "gatsby_text_image.colab",
            "gatsby_text_image.mun",
            "gatsby_text_italic.role_duration",
            "gatsby_text_link.issf",
            "gatsby_text_list.mun_contract_tasks",
            "gatsby_text_list.mun_contract_tech",
            "gatsby_text_list.role_subtitle",
            "gatsby_text_list.work_contents"
          ]
        }
      ]
    },
    {
      "mode": "managed",
      "type": "gatsby_text_bold",
      "name": "role_title",
      "provider": "provider[\"registry.terraform.io/nint8835/gatsby\"]",
      "instances": [
        {
          "index_key": "colab_fulltime",
          "schema_version": 0,
          "attributes": {
            "contents": "**Full Stack Developer**",
            "id": "f4a34fe3-d158-47fa-b669-8a7444cdd0a3",
            "text": "Full Stack Developer"
          },
          "sensitive_attributes": [],
          "private": "bnVsbA==",
          "dependencies": [
            "gatsby_text_link.issf",
            "gatsby_text_list.mun_contract_tasks",
            "gatsby_text_list.mun_contract_tech"
          ]
        },
        {
          "index_key": "colab_internship",
          "schema_version": 0,
          "attributes": {
            "contents": "**Full Stack Development Intern**",
            "id": "7ee0203b-e70a-46bb-82e4-379c9ab81d51",
            "text": "Full Stack Development Intern"
          },
          "sensitive_attributes": [],
          "private": "bnVsbA==",
          "dependencies": [
            "gatsby_text_link.issf",
            "gatsby_text_list.mun_contract_tasks",
            "gatsby_text_list.mun_contract_tech"
          ]
        },
        {
          "index_key": "mun_contract",
          "schema_version": 0,
          "attributes": {
            "contents": "**Software Developer**",
            "id": "bab0cfe4-edd9-4603-bd0c-8aa84bfcf106",
            "text": "Software Developer"
          },
          "sensitive_attributes": [],
          "private": "bnVsbA==",
          "dependencies": [
            "gatsby_text_link.issf",
            "gatsby_text_list.mun_contract_tasks",
            "gatsby_text_list.mun_contract_tech"
          ]
        },
        {
          "index_key": "mun_parttime",
          "schema_version": 0,
          "attributes": {
            "contents": "**System Administrator \u0026 Software Developer**",
            "id": "76e33e68-5527-4ca6-a011-c599a5ad0f46",
            "text": "System Administrator \u0026 Software Developer"
          },
          "sensitive_attributes": [],
          "private": "bnVsbA==",
          "dependencies": [
            "gatsby_text_link.issf",
            "gatsby_text_list.mun_contract_tasks",
            "gatsby_text_list.mun_contract_tech"
          ]
        }
      ]
    },
    {
      "mode": "managed",
      "type": "gatsby_text_code",
      "name": "credits_copyright",
      "provider": "provider[\"registry.terraform.io/nint8835/gatsby\"]",
      "instances": [
        {
          "index_key": "css",
          "schema_version": 0,
          "attributes": {
            "code": "Copyright (c) 2015 - present Microsoft Corporation",
            "contents": "`Copyright (c) 2015 - present Microsoft Corporation`",
            "id": "0c347de7-575d-4cbd-9efd-de1867aa0446",
            "language": null,
            "multiline": false
          },
          "sensitive_attributes": [],
          "private": "bnVsbA==",
          "dependencies": [
            "gatsby_text_link.dank_mono",
            "gatsby_text_link.monokai_pro",
            "gatsby_text_link.monokai_tmtheme",
            "gatsby_text_link.prismjs",
            "gatsby_text_link.prismjs_license",
            "gatsby_text_link.tmtheme_converter",
            "gatsby_text_link.vs_code",
            "gatsby_text_link.vs_code_license"
          ]
        },
        {
          "index_key": "dank_mono",
          "schema_version": 0,
          "attributes": {
            "code": "Copyright (c) 2018 Grazil Ltd",
            "contents": "`Copyright (c) 2018 Grazil Ltd`",
            "id": "4ddc92a0-378e-4b8f-8e91-18dda536fe2b",
            "language": null,
            "multiline": false
          },
          "sensitive_attributes": [],
          "private": "bnVsbA==",
          "dependencies": [
            "gatsby_text_link.dank_mono",
            "gatsby_text_link.monokai_pro",
            "gatsby_text_link.monokai_tmtheme",
            "gatsby_text_link.prismjs",
            "gatsby_text_link.prismjs_license",
            "gatsby_text_link.tmtheme_converter",
            "gatsby_text_link.vs_code",
            "gatsby_text_link.vs_code_license"
          ]
        },
        {
          "index_key": "monaco_theme",
          "schema_version": 0,
          "attributes": {
            "code": "",
            "contents": "``",
            "id": "6489fd0a-0a56-4ef6-b29a-facf3d459658",
            "language": null,
            "multiline": false
          },
          "sensitive_attributes": [],
          "private": "bnVsbA==",
          "dependencies": [
            "gatsby_text_link.dank_mono",
            "gatsby_text_link.monokai_pro",
            "gatsby_text_link.monokai_tmtheme",
            "gatsby_text_link.prismjs",
            "gatsby_text_link.prismjs_license",
            "gatsby_text_link.tmtheme_converter",
            "gatsby_text_link.vs_code",
            "gatsby_text_link.vs_code_license"
          ]
        },
        {
          "index_key": "monokai",
          "schema_version": 0,
          "attributes": {
            "code": "Copyright (c) 2017 – 2021 Monokai",
            "contents": "`Copyright (c) 2017 – 2021 Monokai`",
            "id": "883aa5d2-d07e-4632-8045-d7708fe77b8c",
            "language": null,
            "multiline": false
          },
          "sensitive_attributes": [],
          "private": "bnVsbA==",
          "dependencies": [
            "gatsby_text_link.dank_mono",
            "gatsby_text_link.monokai_pro",
            "gatsby_text_link.monokai_tmtheme",
            "gatsby_text_link.prismjs",
            "gatsby_text_link.prismjs_license",
            "gatsby_text_link.tmtheme_converter",
            "gatsby_text_link.vs_code",
            "gatsby_text_link.vs_code_license"
          ]
        },
        {
          "index_key": "prismjs",
          "schema_version": 0,
          "attributes": {
            "code": "Copyright (c) 2012 Lea Verou",
            "contents": "`Copyright (c) 2012 Lea Verou`",
            "id": "594f4bc8-9cb7-4390-a7f7-e74ba475fd37",
            "language": null,
            "multiline": false
          },
          "sensitive_attributes": [],
          "private": "bnVsbA==",
          "dependencies": [
            "gatsby_text_link.dank_mono",
            "gatsby_text_link.monokai_pro",
            "gatsby_text_link.monokai_tmtheme",
            "gatsby_text_link.prismjs",
            "gatsby_text_link.prismjs_license",
            "gatsby_text_link.tmtheme_converter",
            "gatsby_text_link.vs_code",
            "gatsby_text_link.vs_code_license"
          ]
        }
      ]
    },
    {
      "mode": "managed",
      "type": "gatsby_text_heading",
      "name": "colab",
      "provider": "provider[\"registry.terraform.io/nint8835/gatsby\"]",
      "instances": [
        {
          "schema_version": 0,
          "attributes": {
            "contents": "## CoLab Software",
            "id": "0531e632-e57c-496a-add5-ebee1013bded",
            "level": 2,
            "text": "CoLab Software"
          },
          "sensitive_attributes": [],
          "private": "bnVsbA=="
        }
      ]
    },
    {
      "mode": "managed",
      "type": "gatsby_text_heading",
      "name": "link_list_header",
      "provider": "provider[\"registry.terraform.io/nint8835/gatsby\"]",
      "instances": [
        {
          "schema_version": 0,
          "attributes": {
            "contents": "### Links",
            "id": "5a620329-52a5-4d71-96cf-b21017b828b0",
            "level": 3,
            "text": "Links"
          },
          "sensitive_attributes": [],
          "private": "bnVsbA=="
        }
      ]
    },
    {
      "mode": "managed",
      "type": "gatsby_text_heading",
      "name": "mun",
      "provider": "provider[\"registry.terraform.io/nint8835/gatsby\"]",
      "instances": [
        {
          "schema_version": 0,
          "attributes": {
            "contents": "## Memorial University of Newfoundland",
            "id": "ee52d434-696f-4a30-a0f6-18a6b03fc1d2",
            "level": 2,
            "text": "Memorial University of Newfoundland"
          },
          "sensitive_attributes": [],
          "private": "bnVsbA=="
        }
      ]
    },
    {
      "mode": "managed",
      "type": "gatsby_text_heading",
      "name": "project_heading",
      "provider": "provider[\"registry.terraform.io/nint8835/gatsby\"]",
      "instances": [
        {
          "index_key": "automata",
          "schema_version": 0,
          "attributes": {
            "contents": "## Automata",
            "id": "02303ad1-ae6f-4dc1-924b-74999a154343",
            "level": 2,
            "text": "Automata"
          },
          "sensitive_attributes": [],
          "private": "bnVsbA==",
          "dependencies": [
            "gatsby_text_link.automata",
            "gatsby_text_link.borik",
            "gatsby_text_link.chainmail",
            "gatsby_text_link.gatsby_transformer_terraform",
            "gatsby_text_link.itunesrichpresence",
            "gatsby_text_link.jigsaw",
            "gatsby_text_link.jigsaw_docs",
            "gatsby_text_link.nintbotfordiscord",
            "gatsby_text_link.parsley",
            "gatsby_text_link.parsley_docs",
            "gatsby_text_link.schooltracker",
            "gatsby_text_link.terraform_provider_gatsby"
          ]
        },
        {
          "index_key": "borik",
          "schema_version": 0,
          "attributes": {
            "contents": "## Borik",
            "id": "766feec1-084b-415b-a854-2a9edf2e068a",
            "level": 2,
            "text": "Borik"
          },
          "sensitive_attributes": [],
          "private": "bnVsbA==",
          "dependencies": [
            "gatsby_text_link.automata",
            "gatsby_text_link.borik",
            "gatsby_text_link.chainmail",
            "gatsby_text_link.gatsby_transformer_terraform",
            "gatsby_text_link.itunesrichpresence",
            "gatsby_text_link.jigsaw",
            "gatsby_text_link.jigsaw_docs",
            "gatsby_text_link.nintbotfordiscord",
            "gatsby_text_link.parsley",
            "gatsby_text_link.parsley_docs",
            "gatsby_text_link.schooltracker",
            "gatsby_text_link.terraform_provider_gatsby"
          ]
        },
        {
          "index_key": "chainmail",
          "schema_version": 0,
          "attributes": {
            "contents": "## Chainmail",
            "id": "32918c5c-2ec6-41fc-bc8e-8235ca181239",
            "level": 2,
            "text": "Chainmail"
          },
          "sensitive_attributes": [],
          "private": "bnVsbA==",
          "dependencies": [
            "gatsby_text_link.automata",
            "gatsby_text_link.borik",
            "gatsby_text_link.chainmail",
            "gatsby_text_link.gatsby_transformer_terraform",
            "gatsby_text_link.itunesrichpresence",
            "gatsby_text_link.jigsaw",
            "gatsby_text_link.jigsaw_docs",
            "gatsby_text_link.nintbotfordiscord",
            "gatsby_text_link.parsley",
            "gatsby_text_link.parsley_docs",
            "gatsby_text_link.schooltracker",
            "gatsby_text_link.terraform_provider_gatsby"
          ]
        },
        {
          "index_key": "itunesrichpresence",
          "schema_version": 0,
          "attributes": {
            "contents": "## iTunesRichPresence",
            "id": "2e5a1d8c-085c-4b89-9b82-7919ac079cd1",
            "level": 2,
            "text": "iTunesRichPresence"
          },
          "sensitive_attributes": [],
          "private": "bnVsbA==",
          "dependencies": [
            "gatsby_text_link.automata",
            "gatsby_text_link.borik",
            "gatsby_text_link.chainmail",
            "gatsby_text_link.gatsby_transformer_terraform",
            "gatsby_text_link.itunesrichpresence",
            "gatsby_text_link.jigsaw",
            "gatsby_text_link.jigsaw_docs",
            "gatsby_text_link.nintbotfordiscord",
            "gatsby_text_link.parsley",
            "gatsby_text_link.parsley_docs",
            "gatsby_text_link.schooltracker",
            "gatsby_text_link.terraform_provider_gatsby"
          ]
        },
        {
          "index_key": "jigsaw",
          "schema_version": 0,
          "attributes": {
            "contents": "## Jigsaw",
            "id": "d75a3a72-cab4-423f-8113-5b1c024203d5",
            "level": 2,
            "text": "Jigsaw"
          },
          "sensitive_attributes": [],
          "private": "bnVsbA==",
          "dependencies": [
            "gatsby_text_link.automata",
            "gatsby_text_link.borik",
            "gatsby_text_link.chainmail",
            "gatsby_text_link.gatsby_transformer_terraform",
            "gatsby_text_link.itunesrichpresence",
            "gatsby_text_link.jigsaw",
            "gatsby_text_link.jigsaw_docs",
            "gatsby_text_link.nintbotfordiscord",
            "gatsby_text_link.parsley",
            "gatsby_text_link.parsley_docs",
            "gatsby_text_link.schooltracker",
            "gatsby_text_link.terraform_provider_gatsby"
          ]
        },
        {
          "index_key": "nintbotfordiscord",
          "schema_version": 0,
          "attributes": {
            "contents": "## NintbotForDiscord",
            "id": "e1ab0b67-ef93-4d22-9ee7-d3798c318767",
            "level": 2,
            "text": "NintbotForDiscord"
          },
          "sensitive_attributes": [],
          "private": "bnVsbA==",
          "dependencies": [
            "gatsby_text_link.automata",
            "gatsby_text_link.borik",
            "gatsby_text_link.chainmail",
            "gatsby_text_link.gatsby_transformer_terraform",
            "gatsby_text_link.itunesrichpresence",
            "gatsby_text_link.jigsaw",
            "gatsby_text_link.jigsaw_docs",
            "gatsby_text_link.nintbotfordiscord",
            "gatsby_text_link.parsley",
            "gatsby_text_link.parsley_docs",
            "gatsby_text_link.schooltracker",
            "gatsby_text_link.terraform_provider_gatsby"
          ]
        },
        {
          "index_key": "parsley",
          "schema_version": 0,
          "attributes": {
            "contents": "## Parsley",
            "id": "f8b3a78b-2dfa-40ca-8520-d0af592e1bb2",
            "level": 2,
            "text": "Parsley"
          },
          "sensitive_attributes": [],
          "private": "bnVsbA==",
          "dependencies": [
            "gatsby_text_link.automata",
            "gatsby_text_link.borik",
            "gatsby_text_link.chainmail",
            "gatsby_text_link.gatsby_transformer_terraform",
            "gatsby_text_link.itunesrichpresence",
            "gatsby_text_link.jigsaw",
            "gatsby_text_link.jigsaw_docs",
            "gatsby_text_link.nintbotfordiscord",
            "gatsby_text_link.parsley",
            "gatsby_text_link.parsley_docs",
            "gatsby_text_link.schooltracker",
            "gatsby_text_link.terraform_provider_gatsby"
          ]
        },
        {
          "index_key": "schooltracker",
          "schema_version": 0,
          "attributes": {
            "contents": "## SchoolTracker",
            "id": "f7a7f1ca-4c05-4613-9f97-1735cea12709",
            "level": 2,
            "text": "SchoolTracker"
          },
          "sensitive_attributes": [],
          "private": "bnVsbA==",
          "dependencies": [
            "gatsby_text_link.automata",
            "gatsby_text_link.borik",
            "gatsby_text_link.chainmail",
            "gatsby_text_link.gatsby_transformer_terraform",
            "gatsby_text_link.itunesrichpresence",
            "gatsby_text_link.jigsaw",
            "gatsby_text_link.jigsaw_docs",
            "gatsby_text_link.nintbotfordiscord",
            "gatsby_text_link.parsley",
            "gatsby_text_link.parsley_docs",
            "gatsby_text_link.schooltracker",
            "gatsby_text_link.terraform_provider_gatsby"
          ]
        },
        {
          "index_key": "terraform_gatsby",
          "schema_version": 0,
          "attributes": {
            "contents": "## terraform-provider-gatsby \u0026 gatsby-transformer-terraform",
            "id": "240e5b4e-0f7a-4ac2-8c92-9c8e64eda762",
            "level": 2,
            "text": "terraform-provider-gatsby \u0026 gatsby-transformer-terraform"
          },
          "sensitive_attributes": [],
          "private": "bnVsbA==",
          "dependencies": [
            "gatsby_text_link.automata",
            "gatsby_text_link.borik",
            "gatsby_text_link.chainmail",
            "gatsby_text_link.gatsby_transformer_terraform",
            "gatsby_text_link.itunesrichpresence",
            "gatsby_text_link.jigsaw",
            "gatsby_text_link.jigsaw_docs",
            "gatsby_text_link.nintbotfordiscord",
            "gatsby_text_link.parsley",
            "gatsby_text_link.parsley_docs",
            "gatsby_text_link.schooltracker",
            "gatsby_text_link.terraform_provider_gatsby"
          ]
        }
      ]
    },
    {
      "mode": "managed",
      "type": "gatsby_text_horizontal_rule",
      "name": "horizontal_rule",
      "provider": "provider[\"registry.terraform.io/nint8835/gatsby\"]",
      "instances": [
        {
          "schema_version": 0,
          "attributes": {
            "contents": "---",
            "id": "68578881-b380-48bd-be39-ad70bd7d0a13"
          },
          "sensitive_attributes": [],
          "private": "bnVsbA=="
        }
      ]
    },
    {
      "mode": "managed",
      "type": "gatsby_text_image",
      "name": "colab",
      "provider": "provider[\"registry.terraform.io/nint8835/gatsby\"]",
      "instances": [
        {
          "schema_version": 0,
          "attributes": {
            "alt_text": "CoLab Software",
            "contents": "![CoLab Software](/2021/images/work/colab-software.png)",
            "id": "9144ed50-0d7f-43cb-b64e-c1e00f2ce758",
            "path": "/2021/images/work/colab-software.png"
          },
          "sensitive_attributes": [],
          "private": "bnVsbA=="
        }
      ]
    },
    {
      "mode": "managed",
      "type": "gatsby_text_image",
      "name": "mun",
      "provider": "provider[\"registry.terraform.io/nint8835/gatsby\"]",
      "instances": [
        {
          "schema_version": 0,
          "attributes": {
            "alt_text": "Memorial University of Newfoundland",
            "contents": "![Memorial University of Newfoundland](/2021/images/work/memorial-university-of-newfoundland.png)",
            "id": "fd40733a-1040-45b3-82b8-e37a999357e4",
            "path": "/2021/images/work/memorial-university-of-newfoundland.png"
          },
          "sensitive_attributes": [],
          "private": "bnVsbA=="
        }
      ]
    },
    {
      "mode": "managed",
      "type": "gatsby_text_image",
      "name": "project_image",
      "provider": "provider[\"registry.terraform.io/nint8835/gatsby\"]",
      "instances": [
        {
          "index_key": "automata",
          "schema_version": 0,
          "attributes": {
            "alt_text": "Automata",
            "contents": "![Automata](/2021/images/projects/Automata.png)",
            "id": "8a2708e0-dd99-4368-998c-f172aca6064d",
            "path": "/2021/images/projects/Automata.png"
          },
          "sensitive_attributes": [],
          "private": "bnVsbA==",
          "dependencies": [
            "gatsby_text_link.automata",
            "gatsby_text_link.borik",
            "gatsby_text_link.chainmail",
            "gatsby_text_link.gatsby_transformer_terraform",
            "gatsby_text_link.itunesrichpresence",
            "gatsby_text_link.jigsaw",
            "gatsby_text_link.jigsaw_docs",
            "gatsby_text_link.nintbotfordiscord",
            "gatsby_text_link.parsley",
            "gatsby_text_link.parsley_docs",
            "gatsby_text_link.schooltracker",
            "gatsby_text_link.terraform_provider_gatsby"
          ]
        },
        {
          "index_key": "borik",
          "schema_version": 0,
          "attributes": {
            "alt_text": "Borik",
            "contents": "![Borik](/2021/images/projects/Borik.png)",
            "id": "69ba830f-d8cd-41fd-9c56-9c768215eeae",
            "path": "/2021/images/projects/Borik.png"
          },
          "sensitive_attributes": [],
          "private": "bnVsbA==",
          "dependencies": [
            "gatsby_text_link.automata",
            "gatsby_text_link.borik",
            "gatsby_text_link.chainmail",
            "gatsby_text_link.gatsby_transformer_terraform",
            "gatsby_text_link.itunesrichpresence",
            "gatsby_text_link.jigsaw",
            "gatsby_text_link.jigsaw_docs",
            "gatsby_text_link.nintbotfordiscord",
            "gatsby_text_link.parsley",
            "gatsby_text_link.parsley_docs",
            "gatsby_text_link.schooltracker",
            "gatsby_text_link.terraform_provider_gatsby"
          ]
        },
        {
          "index_key": "chainmail",
          "schema_version": 0,
          "attributes": {
            "alt_text": "Chainmail",
            "contents": "![Chainmail](/2021/images/projects/Chainmail.png)",
            "id": "9129dba7-d3ee-46ac-8bc8-ee81f8d44df1",
            "path": "/2021/images/projects/Chainmail.png"
          },
          "sensitive_attributes": [],
          "private": "bnVsbA==",
          "dependencies": [
            "gatsby_text_link.automata",
            "gatsby_text_link.borik",
            "gatsby_text_link.chainmail",
            "gatsby_text_link.gatsby_transformer_terraform",
            "gatsby_text_link.itunesrichpresence",
            "gatsby_text_link.jigsaw",
            "gatsby_text_link.jigsaw_docs",
            "gatsby_text_link.nintbotfordiscord",
            "gatsby_text_link.parsley",
            "gatsby_text_link.parsley_docs",
            "gatsby_text_link.schooltracker",
            "gatsby_text_link.terraform_provider_gatsby"
          ]
        },
        {
          "index_key": "itunesrichpresence",
          "schema_version": 0,
          "attributes": {
            "alt_text": "iTunesRichPresence",
            "contents": "![iTunesRichPresence](/2021/images/projects/iTunesRichPresence.png)",
            "id": "1e53e199-b1cd-4acc-be37-6ef0901ca3dd",
            "path": "/2021/images/projects/iTunesRichPresence.png"
          },
          "sensitive_attributes": [],
          "private": "bnVsbA==",
          "dependencies": [
            "gatsby_text_link.automata",
            "gatsby_text_link.borik",
            "gatsby_text_link.chainmail",
            "gatsby_text_link.gatsby_transformer_terraform",
            "gatsby_text_link.itunesrichpresence",
            "gatsby_text_link.jigsaw",
            "gatsby_text_link.jigsaw_docs",
            "gatsby_text_link.nintbotfordiscord",
            "gatsby_text_link.parsley",
            "gatsby_text_link.parsley_docs",
            "gatsby_text_link.schooltracker",
            "gatsby_text_link.terraform_provider_gatsby"
          ]
        },
        {
          "index_key": "jigsaw",
          "schema_version": 0,
          "attributes": {
            "alt_text": "Jigsaw",
            "contents": "![Jigsaw](/2021/images/projects/Jigsaw.png)",
            "id": "62941722-eee8-4f9c-9bcd-121d19573908",
            "path": "/2021/images/projects/Jigsaw.png"
          },
          "sensitive_attributes": [],
          "private": "bnVsbA==",
          "dependencies": [
            "gatsby_text_link.automata",
            "gatsby_text_link.borik",
            "gatsby_text_link.chainmail",
            "gatsby_text_link.gatsby_transformer_terraform",
            "gatsby_text_link.itunesrichpresence",
            "gatsby_text_link.jigsaw",
            "gatsby_text_link.jigsaw_docs",
            "gatsby_text_link.nintbotfordiscord",
            "gatsby_text_link.parsley",
            "gatsby_text_link.parsley_docs",
            "gatsby_text_link.schooltracker",
            "gatsby_text_link.terraform_provider_gatsby"
          ]
        },
        {
          "index_key": "nintbotfordiscord",
          "schema_version": 0,
          "attributes": {
            "alt_text": "NintbotForDiscord",
            "contents": "![NintbotForDiscord](/2021/images/projects/NintbotForDiscord.png)",
            "id": "3641bfce-47af-4f61-8af9-85264dc3a834",
            "path": "/2021/images/projects/NintbotForDiscord.png"
          },
          "sensitive_attributes": [],
          "private": "bnVsbA==",
          "dependencies": [
            "gatsby_text_link.automata",
            "gatsby_text_link.borik",
            "gatsby_text_link.chainmail",
            "gatsby_text_link.gatsby_transformer_terraform",
            "gatsby_text_link.itunesrichpresence",
            "gatsby_text_link.jigsaw",
            "gatsby_text_link.jigsaw_docs",
            "gatsby_text_link.nintbotfordiscord",
            "gatsby_text_link.parsley",
            "gatsby_text_link.parsley_docs",
            "gatsby_text_link.schooltracker",
            "gatsby_text_link.terraform_provider_gatsby"
          ]
        },
        {
          "index_key": "parsley",
          "schema_version": 0,
          "attributes": {
            "alt_text": "Parsley",
            "contents": "![Parsley](/2021/images/projects/Parsley.png)",
            "id": "ec80ca50-15ad-46e4-99cb-20bba091b8f4",
            "path": "/2021/images/projects/Parsley.png"
          },
          "sensitive_attributes": [],
          "private": "bnVsbA==",
          "dependencies": [
            "gatsby_text_link.automata",
            "gatsby_text_link.borik",
            "gatsby_text_link.chainmail",
            "gatsby_text_link.gatsby_transformer_terraform",
            "gatsby_text_link.itunesrichpresence",
            "gatsby_text_link.jigsaw",
            "gatsby_text_link.jigsaw_docs",
            "gatsby_text_link.nintbotfordiscord",
            "gatsby_text_link.parsley",
            "gatsby_text_link.parsley_docs",
            "gatsby_text_link.schooltracker",
            "gatsby_text_link.terraform_provider_gatsby"
          ]
        },
        {
          "index_key": "schooltracker",
          "schema_version": 0,
          "attributes": {
            "alt_text": "SchoolTracker",
            "contents": "![SchoolTracker](/2021/images/projects/SchoolTracker.png)",
            "id": "97b6c785-436c-4bd9-a38b-01cc352ee51b",
            "path": "/2021/images/projects/SchoolTracker.png"
          },
          "sensitive_attributes": [],
          "private": "bnVsbA==",
          "dependencies": [
            "gatsby_text_link.automata",
            "gatsby_text_link.borik",
            "gatsby_text_link.chainmail",
            "gatsby_text_link.gatsby_transformer_terraform",
            "gatsby_text_link.itunesrichpresence",
            "gatsby_text_link.jigsaw",
            "gatsby_text_link.jigsaw_docs",
            "gatsby_text_link.nintbotfordiscord",
            "gatsby_text_link.parsley",
            "gatsby_text_link.parsley_docs",
            "gatsby_text_link.schooltracker",
            "gatsby_text_link.terraform_provider_gatsby"
          ]
        },
        {
          "index_key": "terraform_gatsby",
          "schema_version": 0,
          "attributes": {
            "alt_text": "terraform-provider-gatsby \u0026 gatsby-transformer-terraform",
            "contents": "![terraform-provider-gatsby \u0026 gatsby-transformer-terraform](/2021/images/projects/terraform-provider-gatsby \u0026 gatsby-transformer-terraform.png)",
            "id": "10d370ed-db3e-4e64-b426-90aa022b705c",
            "path": "/2021/images/projects/terraform-provider-gatsby \u0026 gatsby-transformer-terraform.png"
          },
          "sensitive_attributes": [],
          "private": "bnVsbA==",
          "dependencies": [
            "gatsby_text_link.automata",
            "gatsby_text_link.borik",
            "gatsby_text_link.chainmail",
            "gatsby_text_link.gatsby_transformer_terraform",
            "gatsby_text_link.itunesrichpresence",
            "gatsby_text_link.jigsaw",
            "gatsby_text_link.jigsaw_docs",
            "gatsby_text_link.nintbotfordiscord",
            "gatsby_text_link.parsley",
            "gatsby_text_link.parsley_docs",
            "gatsby_text_link.schooltracker",
            "gatsby_text_link.terraform_provider_gatsby"
          ]
        }
      ]
    },
    {
      "mode": "managed",
      "type": "gatsby_text_italic",
      "name": "role_duration",
      "provider": "provider[\"registry.terraform.io/nint8835/gatsby\"]",
      "instances": [
        {
          "index_key": "colab_fulltime",
          "schema_version": 0,
          "attributes": {
            "contents": "_September 2019 - Present_",
            "id": "d540c1f1-7d4d-40dc-a08f-f43dc5904396",
            "text": "September 2019 - Present"
          },
          "sensitive_attributes": [],
          "private": "bnVsbA==",
          "dependencies": [
            "gatsby_text_link.issf",
            "gatsby_text_list.mun_contract_tasks",
            "gatsby_text_list.mun_contract_tech"
          ]
        },
        {
          "index_key": "colab_internship",
          "schema_version": 0,
          "attributes": {
            "contents": "_April 2019 - September 2019_",
            "id": "6f8f9cf3-05d3-43a6-8287-a4319816e931",
            "text": "April 2019 - September 2019"
          },
          "sensitive_attributes": [],
          "private": "bnVsbA==",
          "dependencies": [
            "gatsby_text_link.issf",
            "gatsby_text_list.mun_contract_tasks",
            "gatsby_text_list.mun_contract_tech"
          ]
        },
        {
          "index_key": "mun_contract",
          "schema_version": 0,
          "attributes": {
            "contents": "_December 2018 - January 2019_",
            "id": "259bbae1-841e-44de-b931-a4fefd5c69e9",
            "text": "December 2018 - January 2019"
          },
          "sensitive_attributes": [],
          "private": "bnVsbA==",
          "dependencies": [
            "gatsby_text_link.issf",
            "gatsby_text_list.mun_contract_tasks",
            "gatsby_text_list.mun_contract_tech"
          ]
        },
        {
          "index_key": "mun_parttime",
          "schema_version": 0,
          "attributes": {
            "contents": "_January 2019 - April 2019_",
            "id": "a837f7cf-9e89-475c-944d-36b8020341ea",
            "text": "January 2019 - April 2019"
          },
          "sensitive_attributes": [],
          "private": "bnVsbA==",
          "dependencies": [
            "gatsby_text_link.issf",
            "gatsby_text_list.mun_contract_tasks",
            "gatsby_text_list.mun_contract_tech"
          ]
        }
      ]
    },
    {
      "mode": "managed",
      "type": "gatsby_text_link",
      "name": "automata",
      "provider": "provider[\"registry.terraform.io/nint8835/gatsby\"]",
      "instances": [
        {
          "schema_version": 0,
          "attributes": {
            "contents": "[GitHub](https://github.com/MUNComputerScienceSociety/Automata)",
            "id": "d7113e86-e4ef-436e-b4eb-a02d4fcb09ed",
            "label": "GitHub",
            "url": "https://github.com/MUNComputerScienceSociety/Automata"
          },
          "sensitive_attributes": [],
          "private": "bnVsbA=="
        }
      ]
    },
    {
      "mode": "managed",
      "type": "gatsby_text_link",
      "name": "borik",
      "provider": "provider[\"registry.terraform.io/nint8835/gatsby\"]",
      "instances": [
        {
          "schema_version": 0,
          "attributes": {
            "contents": "[GitHub](https://github.com/fogo-sh/borik)",
            "id": "174a866e-b390-4ef9-913b-4039647064df",
            "label": "GitHub",
            "url": "https://github.com/fogo-sh/borik"
          },
          "sensitive_attributes": [],
          "private": "bnVsbA=="
        }
      ]
    },
    {
      "mode": "managed",
      "type": "gatsby_text_link",
      "name": "chainmail",
      "provider": "provider[\"registry.terraform.io/nint8835/gatsby\"]",
      "instances": [
        {
          "schema_version": 0,
          "attributes": {
            "contents": "[GitHub](https://github.com/Chainmail-Project/Chainmail)",
            "id": "6060e680-6c07-4aec-b254-98707fe545ca",
            "label": "GitHub",
            "url": "https://github.com/Chainmail-Project/Chainmail"
          },
          "sensitive_attributes": [],
          "private": "bnVsbA=="
        }
      ]
    },
    {
      "mode": "managed",
      "type": "gatsby_text_link",
      "name": "colab_link",
      "provider": "provider[\"registry.terraform.io/nint8835/gatsby\"]",
      "instances": [
        {
          "schema_version": 0,
          "attributes": {
            "contents": "[CoLab Software](https://www.colabsoftware.com)",
            "id": "3d11db92-8801-4cd1-a556-24c514e963c8",
            "label": "CoLab Software",
            "url": "https://www.colabsoftware.com"
          },
          "sensitive_attributes": [],
          "private": "bnVsbA=="
        }
      ]
    },
    {
      "mode": "managed",
      "type": "gatsby_text_link",
      "name": "dank_mono",
      "provider": "provider[\"registry.terraform.io/nint8835/gatsby\"]",
      "instances": [
        {
          "schema_version": 0,
          "attributes": {
            "contents": "[Dank Mono](https://dank.sh)",
            "id": "4116e3ad-0b8e-4a5c-bb44-ac359315dd75",
            "label": "Dank Mono",
            "url": "https://dank.sh"
          },
          "sensitive_attributes": [],
          "private": "bnVsbA=="
        }
      ]
    },
    {
      "mode": "managed",
      "type": "gatsby_text_link",
      "name": "gatsby_transformer_terraform",
      "provider": "provider[\"registry.terraform.io/nint8835/gatsby\"]",
      "instances": [
        {
          "schema_version": 0,
          "attributes": {
            "contents": "[GitHub (gatsby-transformer-terraform)](https://github.com/nint8835/gatsby-transformer-terraform)",
            "id": "a2320b93-29b4-41ec-baa2-2910fe1a1a7a",
            "label": "GitHub (gatsby-transformer-terraform)",
            "url": "https://github.com/nint8835/gatsby-transformer-terraform"
          },
          "sensitive_attributes": [],
          "private": "bnVsbA=="
        }
      ]
    },
    {
      "mode": "managed",
      "type": "gatsby_text_link",
      "name": "issf",
      "provider": "provider[\"registry.terraform.io/nint8835/gatsby\"]",
      "instances": [
        {
          "schema_version": 0,
          "attributes": {
            "contents": "[ISSF](https://github.com/toobigtoignore/issf)",
            "id": "a86e5720-126d-464d-9424-8851377a17a5",
            "label": "ISSF",
            "url": "https://github.com/toobigtoignore/issf"
          },
          "sensitive_attributes": [],
          "private": "bnVsbA=="
        }
      ]
    },
    {
      "mode": "managed",
      "type": "gatsby_text_link",
      "name": "itunesrichpresence",
      "provider": "provider[\"registry.terraform.io/nint8835/gatsby\"]",
      "instances": [
        {
          "schema_version": 0,
          "attributes": {
            "contents": "[GitHub](https://github.com/nint8835/iTunesRichPresence)",
            "id": "5d01d220-9f30-4dd1-bfbf-8a4312d05ff4",
            "label": "GitHub",
            "url": "https://github.com/nint8835/iTunesRichPresence"
          },
          "sensitive_attributes": [],
          "private": "bnVsbA=="
        }
      ]
    },
    {
      "mode": "managed",
      "type": "gatsby_text_link",
      "name": "jigsaw",
      "provider": "provider[\"registry.terraform.io/nint8835/gatsby\"]",
      "instances": [
        {
          "schema_version": 0,
          "attributes": {
            "contents": "[GitHub](https://github.com/nint8835/jigsaw)",
            "id": "aca6e9ce-fd04-48d8-86db-1d999fa090fa",
            "label": "GitHub",
            "url": "https://github.com/nint8835/jigsaw"
          },
          "sensitive_attributes": [],
          "private": "bnVsbA=="
        }
      ]
    },
    {
      "mode": "managed",
      "type": "gatsby_text_link",
      "name": "jigsaw_docs",
      "provider": "provider[\"registry.terraform.io/nint8835/gatsby\"]",
      "instances": [
        {
          "schema_version": 0,
          "attributes": {
            "contents": "[Docs](https://jigsaw.readthedocs.io/en/latest/)",
            "id": "4063eb5a-eb6d-477b-b0cc-ef4c6df391fc",
            "label": "Docs",
            "url": "https://jigsaw.readthedocs.io/en/latest/"
          },
          "sensitive_attributes": [],
          "private": "bnVsbA=="
        }
      ]
    },
    {
      "mode": "managed",
      "type": "gatsby_text_link",
      "name": "link_list_link",
      "provider": "provider[\"registry.terraform.io/nint8835/gatsby\"]",
      "instances": [
        {
          "index_key": "Email",
          "schema_version": 0,
          "attributes": {
            "contents": "[Email](mailto:riley@rileyflynn.me)",
            "id": "86c08926-cfca-486b-b617-f01d5e01d662",
            "label": "Email",
            "url": "mailto:riley@rileyflynn.me"
          },
          "sensitive_attributes": [],
          "private": "bnVsbA=="
        },
        {
          "index_key": "GitHub",
          "schema_version": 0,
          "attributes": {
            "contents": "[GitHub](https://github.com/nint8835)",
            "id": "2fe795bd-987f-4741-996c-9d5137577d1e",
            "label": "GitHub",
            "url": "https://github.com/nint8835"
          },
          "sensitive_attributes": [],
          "private": "bnVsbA=="
        },
        {
          "index_key": "LinkedIn",
          "schema_version": 0,
          "attributes": {
            "contents": "[LinkedIn](https://www.linkedin.com/in/nint8835)",
            "id": "a7045c25-1353-40cb-b961-f5451d093b97",
            "label": "LinkedIn",
            "url": "https://www.linkedin.com/in/nint8835"
          },
          "sensitive_attributes": [],
          "private": "bnVsbA=="
        },
        {
          "index_key": "Twitter",
          "schema_version": 0,
          "attributes": {
            "contents": "[Twitter](https://twitter.com/BootlegJohn)",
            "id": "423a4bd0-eebd-4e21-b4bb-7cf32899875f",
            "label": "Twitter",
            "url": "https://twitter.com/BootlegJohn"
          },
          "sensitive_attributes": [],
          "private": "bnVsbA=="
        }
      ]
    },
    {
      "mode": "managed",
      "type": "gatsby_text_link",
      "name": "monokai_pro",
      "provider": "provider[\"registry.terraform.io/nint8835/gatsby\"]",
      "instances": [
        {
          "schema_version": 0,
          "attributes": {
            "contents": "[Monokai Pro](https://monokai.pro/)",
            "id": "f1da18a1-c427-4710-b25d-2524638d88be",
            "label": "Monokai Pro",
            "url": "https://monokai.pro/"
          },
          "sensitive_attributes": [],
          "private": "bnVsbA=="
        }
      ]
    },
    {
      "mode": "managed",
      "type": "gatsby_text_link",
      "name": "monokai_tmtheme",
      "provider": "provider[\"registry.terraform.io/nint8835/gatsby\"]",
      "instances": [
        {
          "schema_version": 0,
          "attributes": {
            "contents": "[The tmTheme editor Monokai example](https://tmtheme-editor.herokuapp.com/#!/editor/theme/Monokai)",
            "id": "4329bbd9-367e-4ea0-b3c8-9dfeefd9117a",
            "label": "The tmTheme editor Monokai example",
            "url": "https://tmtheme-editor.herokuapp.com/#!/editor/theme/Monokai"
          },
          "sensitive_attributes": [],
          "private": "bnVsbA=="
        }
      ]
    },
    {
      "mode": "managed",
      "type": "gatsby_text_link",
      "name": "nintbotfordiscord",
      "provider": "provider[\"registry.terraform.io/nint8835/gatsby\"]",
      "instances": [
        {
          "schema_version": 0,
          "attributes": {
            "contents": "[GitHub](https://github.com/nint8835/NintbotForDiscord)",
            "id": "cec30f57-5aa4-438d-a5d6-5f8f0cde1c66",
            "label": "GitHub",
            "url": "https://github.com/nint8835/NintbotForDiscord"
          },
          "sensitive_attributes": [],
          "private": "bnVsbA=="
        }
      ]
    },
    {
      "mode": "managed",
      "type": "gatsby_text_link",
      "name": "parsley",
      "provider": "provider[\"registry.terraform.io/nint8835/gatsby\"]",
      "instances": [
        {
          "schema_version": 0,
          "attributes": {
            "contents": "[GitHub](https://github.com/nint8835/parsley)",
            "id": "30427a44-c4e2-4d43-8d34-c31feab52ab5",
            "label": "GitHub",
            "url": "https://github.com/nint8835/parsley"
          },
          "sensitive_attributes": [],
          "private": "bnVsbA=="
        }
      ]
    },
    {
      "mode": "managed",
      "type": "gatsby_text_link",
      "name": "parsley_docs",
      "provider": "provider[\"registry.terraform.io/nint8835/gatsby\"]",
      "instances": [
        {
          "schema_version": 0,
          "attributes": {
            "contents": "[Docs](https://pkg.go.dev/github.com/nint8835/parsley)",
            "id": "40f7c09c-7610-407e-948f-ca017622a478",
            "label": "Docs",
            "url": "https://pkg.go.dev/github.com/nint8835/parsley"
          },
          "sensitive_attributes": [],
          "private": "bnVsbA=="
        }
      ]
    },
    {
      "mode": "managed",
      "type": "gatsby_text_link",
      "name": "prismjs",
      "provider": "provider[\"registry.terraform.io/nint8835/gatsby\"]",
      "instances": [
        {
          "schema_version": 0,
          "attributes": {
            "contents": "[PrismJS](https://github.com/PrismJS/prism/)",
            "id": "b9b73819-06d5-457e-a7d5-074ebc59d4e1",
            "label": "PrismJS",
            "url": "https://github.com/PrismJS/prism/"
          },
          "sensitive_attributes": [],
          "private": "bnVsbA=="
        }
      ]
    },
    {
      "mode": "managed",
      "type": "gatsby_text_link",
      "name": "prismjs_license",
      "provider": "provider[\"registry.terraform.io/nint8835/gatsby\"]",
      "instances": [
        {
          "schema_version": 0,
          "attributes": {
            "contents": "[here](https://github.com/PrismJS/prism/blob/master/LICENSE)",
            "id": "8f4ecff3-2cf1-41a4-8fdd-9ce0c0c29f21",
            "label": "here",
            "url": "https://github.com/PrismJS/prism/blob/master/LICENSE"
          },
          "sensitive_attributes": [],
          "private": "bnVsbA=="
        }
      ]
    },
    {
      "mode": "managed",
      "type": "gatsby_text_link",
      "name": "schooltracker",
      "provider": "provider[\"registry.terraform.io/nint8835/gatsby\"]",
      "instances": [
        {
          "schema_version": 0,
          "attributes": {
            "contents": "[GitHub](https://github.com/nint8835/SchoolTracker)",
            "id": "f3e31350-db4b-454d-9fd1-5e6e0a11142a",
            "label": "GitHub",
            "url": "https://github.com/nint8835/SchoolTracker"
          },
          "sensitive_attributes": [],
          "private": "bnVsbA=="
        }
      ]
    },
    {
      "mode": "managed",
      "type": "gatsby_text_link",
      "name": "terraform_provider_gatsby",
      "provider": "provider[\"registry.terraform.io/nint8835/gatsby\"]",
      "instances": [
        {
          "schema_version": 0,
          "attributes": {
            "contents": "[GitHub (terraform-provider-gatsby)](https://github.com/nint8835/terraform-provider-gatsby)",
            "id": "d4a8e76f-3b1a-4f4e-8bd4-b4b373406f8f",
            "label": "GitHub (terraform-provider-gatsby)",
            "url": "https://github.com/nint8835/terraform-provider-gatsby"
          },
          "sensitive_attributes": [],
          "private": "bnVsbA=="
        }
      ]
    },
    {
      "mode": "managed",
      "type": "gatsby_text_link",
      "name": "tmtheme_converter",
      "provider": "provider[\"registry.terraform.io/nint8835/gatsby\"]",
      "instances": [
        {
          "schema_version": 0,
          "attributes": {
            "contents": "[this tmTheme to Monaco converter](https://bitwiser.in/monaco-themes/)",
            "id": "eb65246c-f3ad-4e9b-8a2d-d7bb168b5e81",
            "label": "this tmTheme to Monaco converter",
            "url": "https://bitwiser.in/monaco-themes/"
          },
          "sensitive_attributes": [],
          "private": "bnVsbA=="
        }
      ]
    },
    {
      "mode": "managed",
      "type": "gatsby_text_link",
      "name": "vs_code",
      "provider": "provider[\"registry.terraform.io/nint8835/gatsby\"]",
      "instances": [
        {
          "schema_version": 0,
          "attributes": {
            "contents": "[VS Code](https://github.com/microsoft/vscode/)",
            "id": "a0a5b04a-a7ba-4ddd-a3c2-009ce225b8fa",
            "label": "VS Code",
            "url": "https://github.com/microsoft/vscode/"
          },
          "sensitive_attributes": [],
          "private": "bnVsbA=="
        }
      ]
    },
    {
      "mode": "managed",
      "type": "gatsby_text_link",
      "name": "vs_code_license",
      "provider": "provider[\"registry.terraform.io/nint8835/gatsby\"]",
      "instances": [
        {
          "schema_version": 0,
          "attributes": {
            "contents": "[here](https://github.com/microsoft/vscode/blob/master/LICENSE.txt)",
            "id": "7e5760a8-7bcc-4681-a3b3-a94de5995d92",
            "label": "here",
            "url": "https://github.com/microsoft/vscode/blob/master/LICENSE.txt"
          },
          "sensitive_attributes": [],
          "private": "bnVsbA=="
        }
      ]
    },
    {
      "mode": "managed",
      "type": "gatsby_text_list",
      "name": "credits_list",
      "provider": "provider[\"registry.terraform.io/nint8835/gatsby\"]",
      "instances": [
        {
          "schema_version": 0,
          "attributes": {
            "contents": "- Large quantities of the CSS for this site came from [VS Code](https://github.com/microsoft/vscode/)\n  - `Copyright (c) 2015 - present Microsoft Corporation`\n  - License available [here](https://github.com/microsoft/vscode/blob/master/LICENSE.txt)\n- Font used site-wide is [Dank Mono](https://dank.sh)\n  - `Copyright (c) 2018 Grazil Ltd`\n- Theme for Monaco Editor was based off [The tmTheme editor Monokai example](https://tmtheme-editor.herokuapp.com/#!/editor/theme/Monokai), updated with Monokai Pro's colours, and converted using [this tmTheme to Monaco converter](https://bitwiser.in/monaco-themes/)\n\n- Colour scheme for this website was taken from [Monokai Pro](https://monokai.pro/). It's a fantastic theme, go give them your money if you use VS Code or Sublime Text\n  - `Copyright (c) 2017 – 2021 Monokai`\n- Syntax highlighting scheme base was taken from [PrismJS](https://github.com/PrismJS/prism/)\n  - `Copyright (c) 2012 Lea Verou`\n  - License available [here](https://github.com/PrismJS/prism/blob/master/LICENSE)",
            "id": "54d06a1a-08d5-403c-88f6-3d2beb2944fc",
            "items": [
              "Large quantities of the CSS for this site came from [VS Code](https://github.com/microsoft/vscode/)\n  - `Copyright (c) 2015 - present Microsoft Corporation`\n  - License available [here](https://github.com/microsoft/vscode/blob/master/LICENSE.txt)",
              "Font used site-wide is [Dank Mono](https://dank.sh)\n  - `Copyright (c) 2018 Grazil Ltd`",
              "Theme for Monaco Editor was based off [The tmTheme editor Monokai example](https://tmtheme-editor.herokuapp.com/#!/editor/theme/Monokai), updated with Monokai Pro's colours, and converted using [this tmTheme to Monaco converter](https://bitwiser.in/monaco-themes/)\n",
              "Colour scheme for this website was taken from [Monokai Pro](https://monokai.pro/). It's a fantastic theme, go give them your money if you use VS Code or Sublime Text\n  - `Copyright (c) 2017 – 2021 Monokai`",
              "Syntax highlighting scheme base was taken from [PrismJS](https://github.com/PrismJS/prism/)\n  - `Copyright (c) 2012 Lea Verou`\n  - License available [here](https://github.com/PrismJS/prism/blob/master/LICENSE)"
            ],
            "prefix": "- ",
            "separator": "\n"
          },
          "sensitive_attributes": [],
          "private": "bnVsbA==",
          "dependencies": [
            "gatsby_text_code.credits_copyright",
            "gatsby_text_link.dank_mono",
            "gatsby_text_link.monokai_pro",
            "gatsby_text_link.monokai_tmtheme",
            "gatsby_text_link.prismjs",
            "gatsby_text_link.prismjs_license",
            "gatsby_text_link.tmtheme_converter",
            "gatsby_text_link.vs_code",
            "gatsby_text_link.vs_code_license",
            "gatsby_text_list.credits_subitems_list"
          ]
        }
      ]
    },
    {
      "mode": "managed",
      "type": "gatsby_text_list",
      "name": "credits_subitems_list",
      "provider": "provider[\"registry.terraform.io/nint8835/gatsby\"]",
      "instances": [
        {
          "index_key": "css",
          "schema_version": 0,
          "attributes": {
            "contents": "  - `Copyright (c) 2015 - present Microsoft Corporation`\n  - License available [here](https://github.com/microsoft/vscode/blob/master/LICENSE.txt)",
            "id": "d2981b55-c476-4fcb-a3a0-a8312c107021",
            "items": [
              "`Copyright (c) 2015 - present Microsoft Corporation`",
              "License available [here](https://github.com/microsoft/vscode/blob/master/LICENSE.txt)"
            ],
            "prefix": "  - ",
            "separator": "\n"
          },
          "sensitive_attributes": [],
          "private": "bnVsbA==",
          "dependencies": [
            "gatsby_text_code.credits_copyright",
            "gatsby_text_link.dank_mono",
            "gatsby_text_link.monokai_pro",
            "gatsby_text_link.monokai_tmtheme",
            "gatsby_text_link.prismjs",
            "gatsby_text_link.prismjs_license",
            "gatsby_text_link.tmtheme_converter",
            "gatsby_text_link.vs_code",
            "gatsby_text_link.vs_code_license"
          ]
        },
        {
          "index_key": "dank_mono",
          "schema_version": 0,
          "attributes": {
            "contents": "  - `Copyright (c) 2018 Grazil Ltd`",
            "id": "fb211a62-77df-4473-98b7-7560ce86b5fb",
            "items": [
              "`Copyright (c) 2018 Grazil Ltd`"
            ],
            "prefix": "  - ",
            "separator": "\n"
          },
          "sensitive_attributes": [],
          "private": "bnVsbA==",
          "dependencies": [
            "gatsby_text_code.credits_copyright",
            "gatsby_text_link.dank_mono",
            "gatsby_text_link.monokai_pro",
            "gatsby_text_link.monokai_tmtheme",
            "gatsby_text_link.prismjs",
            "gatsby_text_link.prismjs_license",
            "gatsby_text_link.tmtheme_converter",
            "gatsby_text_link.vs_code",
            "gatsby_text_link.vs_code_license"
          ]
        },
        {
          "index_key": "monaco_theme",
          "schema_version": 0,
          "attributes": {
            "contents": "",
            "id": "58517562-ef5d-4cba-9f6c-58474b85178b",
            "items": [],
            "prefix": "  - ",
            "separator": "\n"
          },
          "sensitive_attributes": [],
          "private": "bnVsbA==",
          "dependencies": [
            "gatsby_text_code.credits_copyright",
            "gatsby_text_link.dank_mono",
            "gatsby_text_link.monokai_pro",
            "gatsby_text_link.monokai_tmtheme",
            "gatsby_text_link.prismjs",
            "gatsby_text_link.prismjs_license",
            "gatsby_text_link.tmtheme_converter",
            "gatsby_text_link.vs_code",
            "gatsby_text_link.vs_code_license"
          ]
        },
        {
          "index_key": "monokai",
          "schema_version": 0,
          "attributes": {
            "contents": "  - `Copyright (c) 2017 – 2021 Monokai`",
            "id": "51e94702-f20f-463a-8eef-e899251c0052",
            "items": [
              "`Copyright (c) 2017 – 2021 Monokai`"
            ],
            "prefix": "  - ",
            "separator": "\n"
          },
          "sensitive_attributes": [],
          "private": "bnVsbA==",
          "dependencies": [
            "gatsby_text_code.credits_copyright",
            "gatsby_text_link.dank_mono",
            "gatsby_text_link.monokai_pro",
            "gatsby_text_link.monokai_tmtheme",
            "gatsby_text_link.prismjs",
            "gatsby_text_link.prismjs_license",
            "gatsby_text_link.tmtheme_converter",
            "gatsby_text_link.vs_code",
            "gatsby_text_link.vs_code_license"
          ]
        },
        {
          "index_key": "prismjs",
          "schema_version": 0,
          "attributes": {
            "contents": "  - `Copyright (c) 2012 Lea Verou`\n  - License available [here](https://github.com/PrismJS/prism/blob/master/LICENSE)",
            "id": "1f234308-5896-42a6-bc27-dfde3956eeb8",
            "items": [
              "`Copyright (c) 2012 Lea Verou`",
              "License available [here](https://github.com/PrismJS/prism/blob/master/LICENSE)"
            ],
            "prefix": "  - ",
            "separator": "\n"
          },
          "sensitive_attributes": [],
          "private": "bnVsbA==",
          "dependencies": [
            "gatsby_text_code.credits_copyright",
            "gatsby_text_link.dank_mono",
            "gatsby_text_link.monokai_pro",
            "gatsby_text_link.monokai_tmtheme",
            "gatsby_text_link.prismjs",
            "gatsby_text_link.prismjs_license",
            "gatsby_text_link.tmtheme_converter",
            "gatsby_text_link.vs_code",
            "gatsby_text_link.vs_code_license"
          ]
        }
      ]
    },
    {
      "mode": "managed",
      "type": "gatsby_text_list",
      "name": "index",
      "provider": "provider[\"registry.terraform.io/nint8835/gatsby\"]",
      "instances": [
        {
          "schema_version": 0,
          "attributes": {
            "contents": "Hi! I'm Riley. I'm a Full Stack Developer for [CoLab Software](https://www.colabsoftware.com)\n\n### Links\n\n- [Email](mailto:riley@rileyflynn.me)\n- [GitHub](https://github.com/nint8835)\n- [LinkedIn](https://www.linkedin.com/in/nint8835)\n- [Twitter](https://twitter.com/BootlegJohn)",
            "id": "91a98f0d-62ea-4a67-b05a-cb7a010f05f5",
            "items": [
              "Hi! I'm Riley. I'm a Full Stack Developer for [CoLab Software](https://www.colabsoftware.com)",
              "",
              "### Links",
              "",
              "- [Email](mailto:riley@rileyflynn.me)\n- [GitHub](https://github.com/nint8835)\n- [LinkedIn](https://www.linkedin.com/in/nint8835)\n- [Twitter](https://twitter.com/BootlegJohn)"
            ],
            "prefix": "",
            "separator": "\n"
          },
          "sensitive_attributes": [],
          "private": "bnVsbA==",
          "dependencies": [
            "gatsby_text_heading.link_list_header",
            "gatsby_text_link.colab_link",
            "gatsby_text_link.link_list_link",
            "gatsby_text_list.link_list"
          ]
        }
      ]
    },
    {
      "mode": "managed",
      "type": "gatsby_text_list",
      "name": "link_list",
      "provider": "provider[\"registry.terraform.io/nint8835/gatsby\"]",
      "instances": [
        {
          "schema_version": 0,
          "attributes": {
            "contents": "- [Email](mailto:riley@rileyflynn.me)\n- [GitHub](https://github.com/nint8835)\n- [LinkedIn](https://www.linkedin.com/in/nint8835)\n- [Twitter](https://twitter.com/BootlegJohn)",
            "id": "861b08ad-50ae-4826-b277-68ce7a08b185",
            "items": [
              "[Email](mailto:riley@rileyflynn.me)",
              "[GitHub](https://github.com/nint8835)",
              "[LinkedIn](https://www.linkedin.com/in/nint8835)",
              "[Twitter](https://twitter.com/BootlegJohn)"
            ],
            "prefix": "- ",
            "separator": "\n"
          },
          "sensitive_attributes": [],
          "private": "bnVsbA==",
          "dependencies": [
            "gatsby_text_link.link_list_link"
          ]
        }
      ]
    },
    {
      "mode": "managed",
      "type": "gatsby_text_list",
      "name": "mun_contract_tasks",
      "provider": "provider[\"registry.terraform.io/nint8835/gatsby\"]",
      "instances": [
        {
          "schema_version": 0,
          "attributes": {
            "contents": "- Rewrote site's search functionality to be more reliable and to return more relevant results\n- Discovered and resolved a number of security issues\n- Cleaned and wrote documentation for all backend code to make it easier for future developers to work with it\n- Added native PDF generation to the site, so PDF reports would be more accessible to people without the software or knowledge required\n- Fixed many bugs all over the site",
            "id": "027bd23c-f9cb-44b6-836b-5f70214cef3d",
            "items": [
              "Rewrote site's search functionality to be more reliable and to return more relevant results",
              "Discovered and resolved a number of security issues",
              "Cleaned and wrote documentation for all backend code to make it easier for future developers to work with it",
              "Added native PDF generation to the site, so PDF reports would be more accessible to people without the software or knowledge required",
              "Fixed many bugs all over the site"
            ],
            "prefix": "- ",
            "separator": "\n"
          },
          "sensitive_attributes": [],
          "private": "bnVsbA=="
        }
      ]
    },
    {
      "mode": "managed",
      "type": "gatsby_text_list",
      "name": "mun_contract_tech",
      "provider": "provider[\"registry.terraform.io/nint8835/gatsby\"]",
      "instances": [
        {
          "schema_version": 0,
          "attributes": {
            "contents": "- Docker\n- Django\n- Postgres",
            "id": "3930cf79-5044-494e-afde-032538de24b7",
            "items": [
              "Docker",
              "Django",
              "Postgres"
            ],
            "prefix": "- ",
            "separator": "\n"
          },
          "sensitive_attributes": [],
          "private": "bnVsbA=="
        }
      ]
    },
    {
      "mode": "managed",
      "type": "gatsby_text_list",
      "name": "project_entry",
      "provider": "provider[\"registry.terraform.io/nint8835/gatsby\"]",
      "instances": [
        {
          "index_key": "automata",
          "schema_version": 0,
          "attributes": {
            "contents": "![Automata](/2021/images/projects/Automata.png)\n\n## Automata\n\nDiscord bot responsible for managing the MUN Computer Science Society Discord server, providing a variety of services including identity verification.\n\n[GitHub](https://github.com/MUNComputerScienceSociety/Automata)",
            "id": "bdb824b4-1980-45fe-84f4-11e01700a888",
            "items": [
              "![Automata](/2021/images/projects/Automata.png)",
              "## Automata",
              "Discord bot responsible for managing the MUN Computer Science Society Discord server, providing a variety of services including identity verification.",
              "[GitHub](https://github.com/MUNComputerScienceSociety/Automata)"
            ],
            "prefix": "",
            "separator": "\n\n"
          },
          "sensitive_attributes": [],
          "private": "bnVsbA==",
          "dependencies": [
            "gatsby_text_heading.project_heading",
            "gatsby_text_image.project_image",
            "gatsby_text_link.automata",
            "gatsby_text_link.borik",
            "gatsby_text_link.chainmail",
            "gatsby_text_link.gatsby_transformer_terraform",
            "gatsby_text_link.itunesrichpresence",
            "gatsby_text_link.jigsaw",
            "gatsby_text_link.jigsaw_docs",
            "gatsby_text_link.nintbotfordiscord",
            "gatsby_text_link.parsley",
            "gatsby_text_link.parsley_docs",
            "gatsby_text_link.schooltracker",
            "gatsby_text_link.terraform_provider_gatsby"
          ]
        },
        {
          "index_key": "borik",
          "schema_version": 0,
          "attributes": {
            "contents": "![Borik](/2021/images/projects/Borik.png)\n\n## Borik\n\nImage manipulation-focused Discord bot based on ImageMagick.\n\n[GitHub](https://github.com/fogo-sh/borik)",
            "id": "fed483e4-3101-47e5-a2d8-98fcdc02712d",
            "items": [
              "![Borik](/2021/images/projects/Borik.png)",
              "## Borik",
              "Image manipulation-focused Discord bot based on ImageMagick.",
              "[GitHub](https://github.com/fogo-sh/borik)"
            ],
            "prefix": "",
            "separator": "\n\n"
          },
          "sensitive_attributes": [],
          "private": "bnVsbA==",
          "dependencies": [
            "gatsby_text_heading.project_heading",
            "gatsby_text_image.project_image",
            "gatsby_text_link.automata",
            "gatsby_text_link.borik",
            "gatsby_text_link.chainmail",
            "gatsby_text_link.gatsby_transformer_terraform",
            "gatsby_text_link.itunesrichpresence",
            "gatsby_text_link.jigsaw",
            "gatsby_text_link.jigsaw_docs",
            "gatsby_text_link.nintbotfordiscord",
            "gatsby_text_link.parsley",
            "gatsby_text_link.parsley_docs",
            "gatsby_text_link.schooltracker",
            "gatsby_text_link.terraform_provider_gatsby"
          ]
        },
        {
          "index_key": "chainmail",
          "schema_version": 0,
          "attributes": {
            "contents": "![Chainmail](/2021/images/projects/Chainmail.png)\n\n## Chainmail\n\nWraps around the vanilla Minecraft server, intercepting output and injecting input in order to add simple plugin support.\n\n[GitHub](https://github.com/Chainmail-Project/Chainmail)",
            "id": "7e49cf23-3e26-44a6-add7-b53ea0c7bfc3",
            "items": [
              "![Chainmail](/2021/images/projects/Chainmail.png)",
              "## Chainmail",
              "Wraps around the vanilla Minecraft server, intercepting output and injecting input in order to add simple plugin support.",
              "[GitHub](https://github.com/Chainmail-Project/Chainmail)"
            ],
            "prefix": "",
            "separator": "\n\n"
          },
          "sensitive_attributes": [],
          "private": "bnVsbA==",
          "dependencies": [
            "gatsby_text_heading.project_heading",
            "gatsby_text_image.project_image",
            "gatsby_text_link.automata",
            "gatsby_text_link.borik",
            "gatsby_text_link.chainmail",
            "gatsby_text_link.gatsby_transformer_terraform",
            "gatsby_text_link.itunesrichpresence",
            "gatsby_text_link.jigsaw",
            "gatsby_text_link.jigsaw_docs",
            "gatsby_text_link.nintbotfordiscord",
            "gatsby_text_link.parsley",
            "gatsby_text_link.parsley_docs",
            "gatsby_text_link.schooltracker",
            "gatsby_text_link.terraform_provider_gatsby"
          ]
        },
        {
          "index_key": "itunesrichpresence",
          "schema_version": 0,
          "attributes": {
            "contents": "![iTunesRichPresence](/2021/images/projects/iTunesRichPresence.png)\n\n## iTunesRichPresence\n\nUtilizes the iTunes COM interface and Discord's RPC and Rich Presence APIs to share various pieces of information about the currently played music with other Discord users.\n\n[GitHub](https://github.com/nint8835/iTunesRichPresence)",
            "id": "839dcd64-98e9-4f8c-8cca-cbcfd4fe9e14",
            "items": [
              "![iTunesRichPresence](/2021/images/projects/iTunesRichPresence.png)",
              "## iTunesRichPresence",
              "Utilizes the iTunes COM interface and Discord's RPC and Rich Presence APIs to share various pieces of information about the currently played music with other Discord users.",
              "[GitHub](https://github.com/nint8835/iTunesRichPresence)"
            ],
            "prefix": "",
            "separator": "\n\n"
          },
          "sensitive_attributes": [],
          "private": "bnVsbA==",
          "dependencies": [
            "gatsby_text_heading.project_heading",
            "gatsby_text_image.project_image",
            "gatsby_text_link.automata",
            "gatsby_text_link.borik",
            "gatsby_text_link.chainmail",
            "gatsby_text_link.gatsby_transformer_terraform",
            "gatsby_text_link.itunesrichpresence",
            "gatsby_text_link.jigsaw",
            "gatsby_text_link.jigsaw_docs",
            "gatsby_text_link.nintbotfordiscord",
            "gatsby_text_link.parsley",
            "gatsby_text_link.parsley_docs",
            "gatsby_text_link.schooltracker",
            "gatsby_text_link.terraform_provider_gatsby"
          ]
        },
        {
          "index_key": "jigsaw",
          "schema_version": 0,
          "attributes": {
            "contents": "![Jigsaw](/2021/images/projects/Jigsaw.png)\n\n## Jigsaw\n\nEasy to use library for adding plugin functionality to Python projects. Used to provide plugin functionality to Chainmail and NintbotForDiscord.\n\n[GitHub](https://github.com/nint8835/jigsaw) [Docs](https://jigsaw.readthedocs.io/en/latest/)",
            "id": "2d369de9-737a-4c32-8bb7-fb1b0512a853",
            "items": [
              "![Jigsaw](/2021/images/projects/Jigsaw.png)",
              "## Jigsaw",
              "Easy to use library for adding plugin functionality to Python projects. Used to provide plugin functionality to Chainmail and NintbotForDiscord.",
              "[GitHub](https://github.com/nint8835/jigsaw) [Docs](https://jigsaw.readthedocs.io/en/latest/)"
            ],
            "prefix": "",
            "separator": "\n\n"
          },
          "sensitive_attributes": [],
          "private": "bnVsbA==",
          "dependencies": [
            "gatsby_text_heading.project_heading",
            "gatsby_text_image.project_image",
            "gatsby_text_link.automata",
            "gatsby_text_link.borik",
            "gatsby_text_link.chainmail",
            "gatsby_text_link.gatsby_transformer_terraform",
            "gatsby_text_link.itunesrichpresence",
            "gatsby_text_link.jigsaw",
            "gatsby_text_link.jigsaw_docs",
            "gatsby_text_link.nintbotfordiscord",
            "gatsby_text_link.parsley",
            "gatsby_text_link.parsley_docs",
            "gatsby_text_link.schooltracker",
            "gatsby_text_link.terraform_provider_gatsby"
          ]
        },
        {
          "index_key": "nintbotfordiscord",
          "schema_version": 0,
          "attributes": {
            "contents": "![NintbotForDiscord](/2021/images/projects/NintbotForDiscord.png)\n\n## NintbotForDiscord\n\nOne of the very first modular bot frameworks for Discord.\n\n[GitHub](https://github.com/nint8835/NintbotForDiscord)",
            "id": "d18fc773-8e04-4e21-8b68-ded1e1986145",
            "items": [
              "![NintbotForDiscord](/2021/images/projects/NintbotForDiscord.png)",
              "## NintbotForDiscord",
              "One of the very first modular bot frameworks for Discord.",
              "[GitHub](https://github.com/nint8835/NintbotForDiscord)"
            ],
            "prefix": "",
            "separator": "\n\n"
          },
          "sensitive_attributes": [],
          "private": "bnVsbA==",
          "dependencies": [
            "gatsby_text_heading.project_heading",
            "gatsby_text_image.project_image",
            "gatsby_text_link.automata",
            "gatsby_text_link.borik",
            "gatsby_text_link.chainmail",
            "gatsby_text_link.gatsby_transformer_terraform",
            "gatsby_text_link.itunesrichpresence",
            "gatsby_text_link.jigsaw",
            "gatsby_text_link.jigsaw_docs",
            "gatsby_text_link.nintbotfordiscord",
            "gatsby_text_link.parsley",
            "gatsby_text_link.parsley_docs",
            "gatsby_text_link.schooltracker",
            "gatsby_text_link.terraform_provider_gatsby"
          ]
        },
        {
          "index_key": "parsley",
          "schema_version": 0,
          "attributes": {
            "contents": "![Parsley](/2021/images/projects/Parsley.png)\n\n## Parsley\n\nCommand parsing library for discordgo.\n\n[GitHub](https://github.com/nint8835/parsley) [Docs](https://pkg.go.dev/github.com/nint8835/parsley)",
            "id": "ac009cc2-7b58-40f6-9312-618aa99b2f97",
            "items": [
              "![Parsley](/2021/images/projects/Parsley.png)",
              "## Parsley",
              "Command parsing library for discordgo.",
              "[GitHub](https://github.com/nint8835/parsley) [Docs](https://pkg.go.dev/github.com/nint8835/parsley)"
            ],
            "prefix": "",
            "separator": "\n\n"
          },
          "sensitive_attributes": [],
          "private": "bnVsbA==",
          "dependencies": [
            "gatsby_text_heading.project_heading",
            "gatsby_text_image.project_image",
            "gatsby_text_link.automata",
            "gatsby_text_link.borik",
            "gatsby_text_link.chainmail",
            "gatsby_text_link.gatsby_transformer_terraform",
            "gatsby_text_link.itunesrichpresence",
            "gatsby_text_link.jigsaw",
            "gatsby_text_link.jigsaw_docs",
            "gatsby_text_link.nintbotfordiscord",
            "gatsby_text_link.parsley",
            "gatsby_text_link.parsley_docs",
            "gatsby_text_link.schooltracker",
            "gatsby_text_link.terraform_provider_gatsby"
          ]
        },
        {
          "index_key": "schooltracker",
          "schema_version": 0,
          "attributes": {
            "contents": "![SchoolTracker](/2021/images/projects/SchoolTracker.png)\n\n## SchoolTracker\n\nScrapes the NLESD Status Central website to keep track of the status for various schools, tweeting out whenever one updates.\n\n[GitHub](https://github.com/nint8835/SchoolTracker)",
            "id": "56f75187-28de-4076-b441-26f39938a577",
            "items": [
              "![SchoolTracker](/2021/images/projects/SchoolTracker.png)",
              "## SchoolTracker",
              "Scrapes the NLESD Status Central website to keep track of the status for various schools, tweeting out whenever one updates.",
              "[GitHub](https://github.com/nint8835/SchoolTracker)"
            ],
            "prefix": "",
            "separator": "\n\n"
          },
          "sensitive_attributes": [],
          "private": "bnVsbA==",
          "dependencies": [
            "gatsby_text_heading.project_heading",
            "gatsby_text_image.project_image",
            "gatsby_text_link.automata",
            "gatsby_text_link.borik",
            "gatsby_text_link.chainmail",
            "gatsby_text_link.gatsby_transformer_terraform",
            "gatsby_text_link.itunesrichpresence",
            "gatsby_text_link.jigsaw",
            "gatsby_text_link.jigsaw_docs",
            "gatsby_text_link.nintbotfordiscord",
            "gatsby_text_link.parsley",
            "gatsby_text_link.parsley_docs",
            "gatsby_text_link.schooltracker",
            "gatsby_text_link.terraform_provider_gatsby"
          ]
        },
        {
          "index_key": "terraform_gatsby",
          "schema_version": 0,
          "attributes": {
            "contents": "![terraform-provider-gatsby \u0026 gatsby-transformer-terraform](/2021/images/projects/terraform-provider-gatsby \u0026 gatsby-transformer-terraform.png)\n\n## terraform-provider-gatsby \u0026 gatsby-transformer-terraform\n\nTerraform provider and Gatsby plugin to allow writing content for Gatsby-based sites using Terraform.\n\n[GitHub (terraform-provider-gatsby)](https://github.com/nint8835/terraform-provider-gatsby) [GitHub (gatsby-transformer-terraform)](https://github.com/nint8835/gatsby-transformer-terraform)",
            "id": "190d6745-1668-4751-9a5b-fe5d46fae894",
            "items": [
              "![terraform-provider-gatsby \u0026 gatsby-transformer-terraform](/2021/images/projects/terraform-provider-gatsby \u0026 gatsby-transformer-terraform.png)",
              "## terraform-provider-gatsby \u0026 gatsby-transformer-terraform",
              "Terraform provider and Gatsby plugin to allow writing content for Gatsby-based sites using Terraform.",
              "[GitHub (terraform-provider-gatsby)](https://github.com/nint8835/terraform-provider-gatsby) [GitHub (gatsby-transformer-terraform)](https://github.com/nint8835/gatsby-transformer-terraform)"
            ],
            "prefix": "",
            "separator": "\n\n"
          },
          "sensitive_attributes": [],
          "private": "bnVsbA==",
          "dependencies": [
            "gatsby_text_heading.project_heading",
            "gatsby_text_image.project_image",
            "gatsby_text_link.automata",
            "gatsby_text_link.borik",
            "gatsby_text_link.chainmail",
            "gatsby_text_link.gatsby_transformer_terraform",
            "gatsby_text_link.itunesrichpresence",
            "gatsby_text_link.jigsaw",
            "gatsby_text_link.jigsaw_docs",
            "gatsby_text_link.nintbotfordiscord",
            "gatsby_text_link.parsley",
            "gatsby_text_link.parsley_docs",
            "gatsby_text_link.schooltracker",
            "gatsby_text_link.terraform_provider_gatsby"
          ]
        }
      ]
    },
    {
      "mode": "managed",
      "type": "gatsby_text_list",
      "name": "projects_list",
      "provider": "provider[\"registry.terraform.io/nint8835/gatsby\"]",
      "instances": [
        {
          "schema_version": 0,
          "attributes": {
            "contents": "![Automata](/2021/images/projects/Automata.png)\n\n## Automata\n\nDiscord bot responsible for managing the MUN Computer Science Society Discord server, providing a variety of services including identity verification.\n\n[GitHub](https://github.com/MUNComputerScienceSociety/Automata)\n\n---\n\n![Borik](/2021/images/projects/Borik.png)\n\n## Borik\n\nImage manipulation-focused Discord bot based on ImageMagick.\n\n[GitHub](https://github.com/fogo-sh/borik)\n\n---\n\n![Chainmail](/2021/images/projects/Chainmail.png)\n\n## Chainmail\n\nWraps around the vanilla Minecraft server, intercepting output and injecting input in order to add simple plugin support.\n\n[GitHub](https://github.com/Chainmail-Project/Chainmail)\n\n---\n\n![iTunesRichPresence](/2021/images/projects/iTunesRichPresence.png)\n\n## iTunesRichPresence\n\nUtilizes the iTunes COM interface and Discord's RPC and Rich Presence APIs to share various pieces of information about the currently played music with other Discord users.\n\n[GitHub](https://github.com/nint8835/iTunesRichPresence)\n\n---\n\n![Jigsaw](/2021/images/projects/Jigsaw.png)\n\n## Jigsaw\n\nEasy to use library for adding plugin functionality to Python projects. Used to provide plugin functionality to Chainmail and NintbotForDiscord.\n\n[GitHub](https://github.com/nint8835/jigsaw) [Docs](https://jigsaw.readthedocs.io/en/latest/)\n\n---\n\n![NintbotForDiscord](/2021/images/projects/NintbotForDiscord.png)\n\n## NintbotForDiscord\n\nOne of the very first modular bot frameworks for Discord.\n\n[GitHub](https://github.com/nint8835/NintbotForDiscord)\n\n---\n\n![Parsley](/2021/images/projects/Parsley.png)\n\n## Parsley\n\nCommand parsing library for discordgo.\n\n[GitHub](https://github.com/nint8835/parsley) [Docs](https://pkg.go.dev/github.com/nint8835/parsley)\n\n---\n\n![SchoolTracker](/2021/images/projects/SchoolTracker.png)\n\n## SchoolTracker\n\nScrapes the NLESD Status Central website to keep track of the status for various schools, tweeting out whenever one updates.\n\n[GitHub](https://github.com/nint8835/SchoolTracker)\n\n---\n\n![terraform-provider-gatsby \u0026 gatsby-transformer-terraform](/2021/images/projects/terraform-provider-gatsby \u0026 gatsby-transformer-terraform.png)\n\n## terraform-provider-gatsby \u0026 gatsby-transformer-terraform\n\nTerraform provider and Gatsby plugin to allow writing content for Gatsby-based sites using Terraform.\n\n[GitHub (terraform-provider-gatsby)](https://github.com/nint8835/terraform-provider-gatsby) [GitHub (gatsby-transformer-terraform)](https://github.com/nint8835/gatsby-transformer-terraform)",
            "id": "83c25794-ca5f-4d32-9319-31ebd8b44c94",
            "items": [
              "![Automata](/2021/images/projects/Automata.png)\n\n## Automata\n\nDiscord bot responsible for managing the MUN Computer Science Society Discord server, providing a variety of services including identity verification.\n\n[GitHub](https://github.com/MUNComputerScienceSociety/Automata)",
              "![Borik](/2021/images/projects/Borik.png)\n\n## Borik\n\nImage manipulation-focused Discord bot based on ImageMagick.\n\n[GitHub](https://github.com/fogo-sh/borik)",
              "![Chainmail](/2021/images/projects/Chainmail.png)\n\n## Chainmail\n\nWraps around the vanilla Minecraft server, intercepting output and injecting input in order to add simple plugin support.\n\n[GitHub](https://github.com/Chainmail-Project/Chainmail)",
              "![iTunesRichPresence](/2021/images/projects/iTunesRichPresence.png)\n\n## iTunesRichPresence\n\nUtilizes the iTunes COM interface and Discord's RPC and Rich Presence APIs to share various pieces of information about the currently played music with other Discord users.\n\n[GitHub](https://github.com/nint8835/iTunesRichPresence)",
              "![Jigsaw](/2021/images/projects/Jigsaw.png)\n\n## Jigsaw\n\nEasy to use library for adding plugin functionality to Python projects. Used to provide plugin functionality to Chainmail and NintbotForDiscord.\n\n[GitHub](https://github.com/nint8835/jigsaw) [Docs](https://jigsaw.readthedocs.io/en/latest/)",
              "![NintbotForDiscord](/2021/images/projects/NintbotForDiscord.png)\n\n## NintbotForDiscord\n\nOne of the very first modular bot frameworks for Discord.\n\n[GitHub](https://github.com/nint8835/NintbotForDiscord)",
              "![Parsley](/2021/images/projects/Parsley.png)\n\n## Parsley\n\nCommand parsing library for discordgo.\n\n[GitHub](https://github.com/nint8835/parsley) [Docs](https://pkg.go.dev/github.com/nint8835/parsley)",
              "![SchoolTracker](/2021/images/projects/SchoolTracker.png)\n\n## SchoolTracker\n\nScrapes the NLESD Status Central website to keep track of the status for various schools, tweeting out whenever one updates.\n\n[GitHub](https://github.com/nint8835/SchoolTracker)",
              "![terraform-provider-gatsby \u0026 gatsby-transformer-terraform](/2021/images/projects/terraform-provider-gatsby \u0026 gatsby-transformer-terraform.png)\n\n## terraform-provider-gatsby \u0026 gatsby-transformer-terraform\n\nTerraform provider and Gatsby plugin to allow writing content for Gatsby-based sites using Terraform.\n\n[GitHub (terraform-provider-gatsby)](https://github.com/nint8835/terraform-provider-gatsby) [GitHub (gatsby-transformer-terraform)](https://github.com/nint8835/gatsby-transformer-terraform)"
            ],
            "prefix": "",
            "separator": "\n\n---\n\n"
          },
          "sensitive_attributes": [],
          "private": "bnVsbA==",
          "dependencies": [
            "gatsby_text_heading.project_heading",
            "gatsby_text_horizontal_rule.horizontal_rule",
            "gatsby_text_image.project_image",
            "gatsby_text_link.automata",
            "gatsby_text_link.borik",
            "gatsby_text_link.chainmail",
            "gatsby_text_link.gatsby_transformer_terraform",
            "gatsby_text_link.itunesrichpresence",
            "gatsby_text_link.jigsaw",
            "gatsby_text_link.jigsaw_docs",
            "gatsby_text_link.nintbotfordiscord",
            "gatsby_text_link.parsley",
            "gatsby_text_link.parsley_docs",
            "gatsby_text_link.schooltracker",
            "gatsby_text_link.terraform_provider_gatsby",
            "gatsby_text_list.project_entry"
          ]
        }
      ]
    },
    {
      "mode": "managed",
      "type": "gatsby_text_list",
      "name": "role_subtitle",
      "provider": "provider[\"registry.terraform.io/nint8835/gatsby\"]",
      "instances": [
        {
          "index_key": "colab_fulltime",
          "schema_version": 0,
          "attributes": {
            "contents": "**Full Stack Developer** - _September 2019 - Present_",
            "id": "6b4213ac-f03b-4031-af68-2cfcf3f10d07",
            "items": [
              "**Full Stack Developer**",
              "_September 2019 - Present_"
            ],
            "prefix": "",
            "separator": " - "
          },
          "sensitive_attributes": [],
          "private": "bnVsbA==",
          "dependencies": [
            "gatsby_text_bold.role_title",
            "gatsby_text_italic.role_duration",
            "gatsby_text_link.issf",
            "gatsby_text_list.mun_contract_tasks",
            "gatsby_text_list.mun_contract_tech"
          ]
        },
        {
          "index_key": "colab_internship",
          "schema_version": 0,
          "attributes": {
            "contents": "**Full Stack Development Intern** - _April 2019 - September 2019_",
            "id": "e23ac8dc-7965-424c-ac08-376165582bee",
            "items": [
              "**Full Stack Development Intern**",
              "_April 2019 - September 2019_"
            ],
            "prefix": "",
            "separator": " - "
          },
          "sensitive_attributes": [],
          "private": "bnVsbA==",
          "dependencies": [
            "gatsby_text_bold.role_title",
            "gatsby_text_italic.role_duration",
            "gatsby_text_link.issf",
            "gatsby_text_list.mun_contract_tasks",
            "gatsby_text_list.mun_contract_tech"
          ]
        },
        {
          "index_key": "mun_contract",
          "schema_version": 0,
          "attributes": {
            "contents": "**Software Developer** - _December 2018 - January 2019_",
            "id": "2d8266bf-7a35-4d58-a59b-feb201ed75a4",
            "items": [
              "**Software Developer**",
              "_December 2018 - January 2019_"
            ],
            "prefix": "",
            "separator": " - "
          },
          "sensitive_attributes": [],
          "private": "bnVsbA==",
          "dependencies": [
            "gatsby_text_bold.role_title",
            "gatsby_text_italic.role_duration",
            "gatsby_text_link.issf",
            "gatsby_text_list.mun_contract_tasks",
            "gatsby_text_list.mun_contract_tech"
          ]
        },
        {
          "index_key": "mun_parttime",
          "schema_version": 0,
          "attributes": {
            "contents": "**System Administrator \u0026 Software Developer** - _January 2019 - April 2019_",
            "id": "4b4a737c-1a2f-4805-b6ab-e12c681b1772",
            "items": [
              "**System Administrator \u0026 Software Developer**",
              "_January 2019 - April 2019_"
            ],
            "prefix": "",
            "separator": " - "
          },
          "sensitive_attributes": [],
          "private": "bnVsbA==",
          "dependencies": [
            "gatsby_text_bold.role_title",
            "gatsby_text_italic.role_duration",
            "gatsby_text_link.issf",
            "gatsby_text_list.mun_contract_tasks",
            "gatsby_text_list.mun_contract_tech"
          ]
        }
      ]
    },
    {
      "mode": "managed",
      "type": "gatsby_text_list",
      "name": "work_contents",
      "provider": "provider[\"registry.terraform.io/nint8835/gatsby\"]",
      "instances": [
        {
          "schema_version": 0,
          "attributes": {
            "contents": "![CoLab Software](/2021/images/work/colab-software.png)\n\n## CoLab Software\n\n**Full Stack Developer** - _September 2019 - Present_\n\nResponsible for working on many aspects of CoLab, a cloud-based design review and issue tracking platform.\n\n---\n\n**Full Stack Development Intern** - _April 2019 - September 2019_\n\nResponsible for working on many aspects of CoLab, a cloud-based design review and issue tracking platform.\n\n---\n\n![Memorial University of Newfoundland](/2021/images/work/memorial-university-of-newfoundland.png)\n\n## Memorial University of Newfoundland\n\n**System Administrator \u0026 Software Developer** - _January 2019 - April 2019_\n\nResponsible for handling the day-to-day technical management of [ISSF](https://github.com/toobigtoignore/issf) for Too Big To Ignore.\n\n---\n\n**Software Developer** - _December 2018 - January 2019_\n\nWorked as a contracted software developer over the Christmas break working on the backend of [ISSF](https://github.com/toobigtoignore/issf) for Too Big To Ignore.\n\nPerformed a number of tasks such as:\n\n- Rewrote site's search functionality to be more reliable and to return more relevant results\n- Discovered and resolved a number of security issues\n- Cleaned and wrote documentation for all backend code to make it easier for future developers to work with it\n- Added native PDF generation to the site, so PDF reports would be more accessible to people without the software or knowledge required\n- Fixed many bugs all over the site\n\nTechnologies used:\n\n- Docker\n- Django\n- Postgres\n",
            "id": "8d073c63-818d-4a9e-b80c-9e681df295a4",
            "items": [
              "![CoLab Software](/2021/images/work/colab-software.png)",
              "## CoLab Software",
              "**Full Stack Developer** - _September 2019 - Present_",
              "Responsible for working on many aspects of CoLab, a cloud-based design review and issue tracking platform.",
              "---",
              "**Full Stack Development Intern** - _April 2019 - September 2019_",
              "Responsible for working on many aspects of CoLab, a cloud-based design review and issue tracking platform.",
              "---",
              "![Memorial University of Newfoundland](/2021/images/work/memorial-university-of-newfoundland.png)",
              "## Memorial University of Newfoundland",
              "**System Administrator \u0026 Software Developer** - _January 2019 - April 2019_",
              "Responsible for handling the day-to-day technical management of [ISSF](https://github.com/toobigtoignore/issf) for Too Big To Ignore.",
              "---",
              "**Software Developer** - _December 2018 - January 2019_",
              "Worked as a contracted software developer over the Christmas break working on the backend of [ISSF](https://github.com/toobigtoignore/issf) for Too Big To Ignore.\n\nPerformed a number of tasks such as:\n\n- Rewrote site's search functionality to be more reliable and to return more relevant results\n- Discovered and resolved a number of security issues\n- Cleaned and wrote documentation for all backend code to make it easier for future developers to work with it\n- Added native PDF generation to the site, so PDF reports would be more accessible to people without the software or knowledge required\n- Fixed many bugs all over the site\n\nTechnologies used:\n\n- Docker\n- Django\n- Postgres\n"
            ],
            "prefix": "",
            "separator": "\n\n"
          },
          "sensitive_attributes": [],
          "private": "bnVsbA==",
          "dependencies": [
            "gatsby_text_bold.role_title",
            "gatsby_text_heading.colab",
            "gatsby_text_heading.mun",
            "gatsby_text_horizontal_rule.horizontal_rule",
            "gatsby_text_image.colab",
            "gatsby_text_image.mun",
            "gatsby_text_italic.role_duration",
            "gatsby_text_link.issf",
            "gatsby_text_list.mun_contract_tasks",
            "gatsby_text_list.mun_contract_tech",
            "gatsby_text_list.role_subtitle"
          ]
        }
      ]
    }
  ],
  "check_results": null
}
