{
  "version": 4,
  "terraform_version": "0.12.30",
  "serial": 95,
  "lineage": "462dbab9-4131-913b-83d1-4ce941b5ba33",
  "outputs": {},
  "resources": [
    {
      "mode": "managed",
      "type": "gatsby_page",
      "name": "credits",
      "provider": "provider.gatsby",
      "instances": [
        {
          "schema_version": 0,
          "attributes": {
            "contents": "- Large quantities of the CSS for this site came from [VS Code](https://github.com/microsoft/vscode/)\n  - `Copyright (c) 2015 - present Microsoft Corporation`\n  - License available [here](https://github.com/microsoft/vscode/blob/master/LICENSE.txt)\n- Font used site-wide is [Dank Mono](https://dank.sh)\n  - `Copyright (c) 2018 Grazil Ltd`\n- Theme for Monaco Editor was taken from [Material Theme for Sublime Text](https://github.com/equinusocio/material-theme) and converted using [this tmTheme to Monaco converter](https://bitwiser.in/monaco-themes/)\n  - `Copyright (c) 2016 Mattia Astorino`\n  - License available [here](https://github.com/equinusocio/material-theme/blob/master/LICENSE.md)\n- Colour scheme for this website was taken from [vscode-material-palenight-theme](https://github.com/whizkydee/vscode-material-palenight-theme)\n  - `Copyright (c) 2017-present Olaolu Olawuyi`\n  - License available [here](https://github.com/whizkydee/vscode-material-palenight-theme/blob/master/license.md)\n- Syntax highlighting scheme base was taken from [PrismJS](https://github.com/PrismJS/prism/)\n  - `Copyright (c) 2012 Lea Verou`\n  - License available [here](https://github.com/PrismJS/prism/blob/master/LICENSE)",
            "frontmatter": {
              "description": "Credits to all of the things incorporated to make this site",
              "hidden": "true",
              "path": "/credits",
              "title": "credits",
              "weight": "100"
            },
            "id": "da00fb6a-06b0-4fcf-a778-39577328c387",
            "page_text": "---\ndescription: Credits to all of the things incorporated to make this site\nhidden: \"true\"\npath: /credits\ntitle: credits\nweight: \"100\"\n---\n- Large quantities of the CSS for this site came from [VS Code](https://github.com/microsoft/vscode/)\n  - `Copyright (c) 2015 - present Microsoft Corporation`\n  - License available [here](https://github.com/microsoft/vscode/blob/master/LICENSE.txt)\n- Font used site-wide is [Dank Mono](https://dank.sh)\n  - `Copyright (c) 2018 Grazil Ltd`\n- Theme for Monaco Editor was taken from [Material Theme for Sublime Text](https://github.com/equinusocio/material-theme) and converted using [this tmTheme to Monaco converter](https://bitwiser.in/monaco-themes/)\n  - `Copyright (c) 2016 Mattia Astorino`\n  - License available [here](https://github.com/equinusocio/material-theme/blob/master/LICENSE.md)\n- Colour scheme for this website was taken from [vscode-material-palenight-theme](https://github.com/whizkydee/vscode-material-palenight-theme)\n  - `Copyright (c) 2017-present Olaolu Olawuyi`\n  - License available [here](https://github.com/whizkydee/vscode-material-palenight-theme/blob/master/license.md)\n- Syntax highlighting scheme base was taken from [PrismJS](https://github.com/PrismJS/prism/)\n  - `Copyright (c) 2012 Lea Verou`\n  - License available [here](https://github.com/PrismJS/prism/blob/master/LICENSE)"
          },
          "private": "bnVsbA==",
          "dependencies": [
            "gatsby_text_code.credits_copyright",
            "gatsby_text_link.dank_mono",
            "gatsby_text_link.material_palenight",
            "gatsby_text_link.material_palenight_license",
            "gatsby_text_link.palenight_tmtheme",
            "gatsby_text_link.palenight_tmtheme_license",
            "gatsby_text_link.prismjs",
            "gatsby_text_link.prismjs_license",
            "gatsby_text_link.tmtheme_converter",
            "gatsby_text_link.vs_code",
            "gatsby_text_link.vs_code_license",
            "gatsby_text_list.credits_list",
            "gatsby_text_list.credits_subitems_list"
          ]
        }
      ]
    },
    {
      "mode": "managed",
      "type": "gatsby_page",
      "name": "index",
      "provider": "provider.gatsby",
      "instances": [
        {
          "schema_version": 0,
          "attributes": {
            "contents": "Hi! I'm Riley. I'm a Full Stack Developer for [CoLab Software](https://www.colabsoftware.com)\n\n### Links\n\n- [Email](mailto:riley@rileyflynn.me)\n- [GitHub](https://github.com/nint8835)\n- [LinkedIn](https://www.linkedin.com/in/nint8835)\n- [Twitter](https://twitter.com/BootlegJohn)",
            "frontmatter": {
              "description": "Full Stack Developer for CoLab Software",
              "hidden": "false",
              "path": "/",
              "title": "index",
              "weight": "0"
            },
            "id": "8282378e-837f-42a9-b642-44cfab019fa2",
            "page_text": "---\ndescription: Full Stack Developer for CoLab Software\nhidden: \"false\"\npath: /\ntitle: index\nweight: \"0\"\n---\nHi! I'm Riley. I'm a Full Stack Developer for [CoLab Software](https://www.colabsoftware.com)\n\n### Links\n\n- [Email](mailto:riley@rileyflynn.me)\n- [GitHub](https://github.com/nint8835)\n- [LinkedIn](https://www.linkedin.com/in/nint8835)\n- [Twitter](https://twitter.com/BootlegJohn)"
          },
          "private": "bnVsbA==",
          "dependencies": [
            "gatsby_text_heading.link_list_header",
            "gatsby_text_link.colab_link",
            "gatsby_text_link.link_list_link",
            "gatsby_text_list.index",
            "gatsby_text_list.link_list"
          ]
        }
      ]
    },
    {
      "mode": "managed",
      "type": "gatsby_page",
      "name": "projects",
      "provider": "provider.gatsby",
      "instances": [
        {
          "schema_version": 0,
          "attributes": {
            "contents": "![Automata](/2020/images/projects/Automata.png)\n\n## Automata\n\nDiscord bot responsible for managing the MUN Computer Science Society Discord server, providing a variety of services including identity verification.\n\n[GitHub](https://github.com/MUNComputerScienceSociety/Automata)\n\n---\n\n![Chainmail](/2020/images/projects/Chainmail.png)\n\n## Chainmail\n\nWraps around the vanilla Minecraft server, intercepting output and injecting input in order to add simple plugin support.\n\n[GitHub](https://github.com/Chainmail-Project/Chainmail)\n\n---\n\n![InvitationASM](/2020/images/projects/InvitationASM.png)\n\n## InvitationASM\n\nInterpreter for the assembly-styled language used to teach machine code and assembly in the course COMP1000 at Memorial University.\n\n[GitHub](https://github.com/nint8835/InvitationASM)\n\n---\n\n![iTunesRichPresence](/2020/images/projects/iTunesRichPresence.png)\n\n## iTunesRichPresence\n\nUtilizes the iTunes COM interface and Discord's RPC and Rich Presence APIs to share various pieces of information about the currently played music with other Discord users.\n\n[GitHub](https://github.com/nint8835/iTunesRichPresence)\n\n---\n\n![Jigsaw](/2020/images/projects/Jigsaw.png)\n\n## Jigsaw\n\nEasy to use library for adding plugin functionality to Python projects. Used to provide plugin functionality to Chainmail and NintbotForDiscord.\n\n[GitHub](https://github.com/nint8835/jigsaw) [Docs](https://jigsaw.readthedocs.io/en/latest/)\n\n---\n\n![NintbotForDiscord](/2020/images/projects/NintbotForDiscord.png)\n\n## NintbotForDiscord\n\nOne of the very first modular bot frameworks for Discord.\n\n[GitHub](https://github.com/nint8835/NintbotForDiscord)\n\n---\n\n![SchoolTracker](/2020/images/projects/SchoolTracker.png)\n\n## SchoolTracker\n\nScrapes the NLESD Status Central website to keep track of the status for various schools, tweeting out whenever one updates.\n\n[GitHub](https://github.com/nint8835/SchoolTracker)\n\n---\n\n![WebRichPresence](/2020/images/projects/WebRichPresence.png)\n\n## WebRichPresence\n\nWeb API for controlling the Discord Rich Presence status for clients remotely. Client is open source and on GitHub, server is not.\n\n[GitHub (Client)](https://github.com/nint8835/WebRichPresence_Client)",
            "frontmatter": {
              "description": "A selected collection of the projects I've worked on",
              "hidden": "false",
              "path": "/projects",
              "title": "projects",
              "weight": "1"
            },
            "id": "0aa4706e-5021-4610-837b-924c326d206d",
            "page_text": "---\ndescription: A selected collection of the projects I've worked on\nhidden: \"false\"\npath: /projects\ntitle: projects\nweight: \"1\"\n---\n![Automata](/2020/images/projects/Automata.png)\n\n## Automata\n\nDiscord bot responsible for managing the MUN Computer Science Society Discord server, providing a variety of services including identity verification.\n\n[GitHub](https://github.com/MUNComputerScienceSociety/Automata)\n\n---\n\n![Chainmail](/2020/images/projects/Chainmail.png)\n\n## Chainmail\n\nWraps around the vanilla Minecraft server, intercepting output and injecting input in order to add simple plugin support.\n\n[GitHub](https://github.com/Chainmail-Project/Chainmail)\n\n---\n\n![InvitationASM](/2020/images/projects/InvitationASM.png)\n\n## InvitationASM\n\nInterpreter for the assembly-styled language used to teach machine code and assembly in the course COMP1000 at Memorial University.\n\n[GitHub](https://github.com/nint8835/InvitationASM)\n\n---\n\n![iTunesRichPresence](/2020/images/projects/iTunesRichPresence.png)\n\n## iTunesRichPresence\n\nUtilizes the iTunes COM interface and Discord's RPC and Rich Presence APIs to share various pieces of information about the currently played music with other Discord users.\n\n[GitHub](https://github.com/nint8835/iTunesRichPresence)\n\n---\n\n![Jigsaw](/2020/images/projects/Jigsaw.png)\n\n## Jigsaw\n\nEasy to use library for adding plugin functionality to Python projects. Used to provide plugin functionality to Chainmail and NintbotForDiscord.\n\n[GitHub](https://github.com/nint8835/jigsaw) [Docs](https://jigsaw.readthedocs.io/en/latest/)\n\n---\n\n![NintbotForDiscord](/2020/images/projects/NintbotForDiscord.png)\n\n## NintbotForDiscord\n\nOne of the very first modular bot frameworks for Discord.\n\n[GitHub](https://github.com/nint8835/NintbotForDiscord)\n\n---\n\n![SchoolTracker](/2020/images/projects/SchoolTracker.png)\n\n## SchoolTracker\n\nScrapes the NLESD Status Central website to keep track of the status for various schools, tweeting out whenever one updates.\n\n[GitHub](https://github.com/nint8835/SchoolTracker)\n\n---\n\n![WebRichPresence](/2020/images/projects/WebRichPresence.png)\n\n## WebRichPresence\n\nWeb API for controlling the Discord Rich Presence status for clients remotely. Client is open source and on GitHub, server is not.\n\n[GitHub (Client)](https://github.com/nint8835/WebRichPresence_Client)"
          },
          "private": "bnVsbA==",
          "dependencies": [
            "gatsby_text_heading.project_heading",
            "gatsby_text_horizontal_rule.horizontal_rule",
            "gatsby_text_image.project_image",
            "gatsby_text_link.automata",
            "gatsby_text_link.chainmail",
            "gatsby_text_link.invitationasm",
            "gatsby_text_link.itunesrichpresence",
            "gatsby_text_link.jigsaw",
            "gatsby_text_link.jigsaw_docs",
            "gatsby_text_link.nintbotfordiscord",
            "gatsby_text_link.schooltracker",
            "gatsby_text_link.webrichpresence",
            "gatsby_text_list.project_entry",
            "gatsby_text_list.projects_list"
          ]
        }
      ]
    },
    {
      "mode": "managed",
      "type": "gatsby_page",
      "name": "work",
      "provider": "provider.gatsby",
      "instances": [
        {
          "schema_version": 0,
          "attributes": {
            "contents": "![CoLab Software](/2020/images/work/colab-software.png)\n\n## CoLab Software\n\n**Full Stack Developer** - _September 2019 - Present_\n\nResponsible for working on many aspects of CoLab, a cloud-based design review and issue tracking platform.\n\n---\n\n**Full Stack Development Intern** - _April 2019 - September 2019_\n\nResponsible for working on many aspects of CoLab, a cloud-based design review and issue tracking platform.\n\n---\n\n![Memorial University of Newfoundland](/2020/images/work/memorial-university-of-newfoundland.png)\n\n## Memorial University of Newfoundland\n\n**System Administrator \u0026 Software Developer** - _January 2019 - April 2019_\n\nResponsible for handling the day-to-day technical management of [ISSF](https://github.com/toobigtoignore/issf) for Too Big To Ignore.\n\n---\n\n**Software Developer** - _December 2018 - January 2019_\n\nWorked as a contracted software developer over the Christmas break working on the backend of [ISSF](https://github.com/toobigtoignore/issf) for Too Big To Ignore.\n\nPerformed a number of tasks such as:\n\n- Rewrote site's search functionality to be more reliable and to return more relevant results\n- Discovered and resolved a number of security issues\n- Cleaned and wrote documentation for all backend code to make it easier for future developers to work with it\n- Added native PDF generation to the site, so PDF reports would be more accessible to people without the software or knowledge required\n- Fixed many bugs all over the site\n\nTechnologies used:\n\n- Docker\n- Django\n- Postgres\n\n\n---\n\n![Hickman Chevrolet Cadillac](/2020/images/work/hickman-chevrolet-cadillac.jpg)\n\n## Hickman Chevrolet Cadillac\n\n**Service Valet** - _May 2017 - August 2017, April 2018 - August 2018_\n\nWorked as a summer employee to perform a variety of tasks, such as:\n\n- Handled the check-in process for incoming customers\n- Performed a number of simple maintenance tasks for customers (topping up windshield wash, retorquing lug nuts, refilling air in tires, etc.)\n- Acted as tech support for customers, assisting them with tasks such as programming favourites into their radios, pairing their phones with their infotainment system, etc.\n- Managed the fleet of service loaners in the absence of the main service cashier\n- Assisted service staff with the migration to a new iPad-based check-in system\n",
            "frontmatter": {
              "description": "My past and current work experience.",
              "hidden": "false",
              "path": "/work",
              "title": "work",
              "weight": "3"
            },
            "id": "6b62f000-ba09-4e2c-b978-3412fee49f78",
            "page_text": "---\ndescription: My past and current work experience.\nhidden: \"false\"\npath: /work\ntitle: work\nweight: \"3\"\n---\n![CoLab Software](/2020/images/work/colab-software.png)\n\n## CoLab Software\n\n**Full Stack Developer** - _September 2019 - Present_\n\nResponsible for working on many aspects of CoLab, a cloud-based design review and issue tracking platform.\n\n---\n\n**Full Stack Development Intern** - _April 2019 - September 2019_\n\nResponsible for working on many aspects of CoLab, a cloud-based design review and issue tracking platform.\n\n---\n\n![Memorial University of Newfoundland](/2020/images/work/memorial-university-of-newfoundland.png)\n\n## Memorial University of Newfoundland\n\n**System Administrator \u0026 Software Developer** - _January 2019 - April 2019_\n\nResponsible for handling the day-to-day technical management of [ISSF](https://github.com/toobigtoignore/issf) for Too Big To Ignore.\n\n---\n\n**Software Developer** - _December 2018 - January 2019_\n\nWorked as a contracted software developer over the Christmas break working on the backend of [ISSF](https://github.com/toobigtoignore/issf) for Too Big To Ignore.\n\nPerformed a number of tasks such as:\n\n- Rewrote site's search functionality to be more reliable and to return more relevant results\n- Discovered and resolved a number of security issues\n- Cleaned and wrote documentation for all backend code to make it easier for future developers to work with it\n- Added native PDF generation to the site, so PDF reports would be more accessible to people without the software or knowledge required\n- Fixed many bugs all over the site\n\nTechnologies used:\n\n- Docker\n- Django\n- Postgres\n\n\n---\n\n![Hickman Chevrolet Cadillac](/2020/images/work/hickman-chevrolet-cadillac.jpg)\n\n## Hickman Chevrolet Cadillac\n\n**Service Valet** - _May 2017 - August 2017, April 2018 - August 2018_\n\nWorked as a summer employee to perform a variety of tasks, such as:\n\n- Handled the check-in process for incoming customers\n- Performed a number of simple maintenance tasks for customers (topping up windshield wash, retorquing lug nuts, refilling air in tires, etc.)\n- Acted as tech support for customers, assisting them with tasks such as programming favourites into their radios, pairing their phones with their infotainment system, etc.\n- Managed the fleet of service loaners in the absence of the main service cashier\n- Assisted service staff with the migration to a new iPad-based check-in system\n"
          },
          "private": "bnVsbA==",
          "dependencies": [
            "gatsby_text_bold.role_title",
            "gatsby_text_heading.colab",
            "gatsby_text_heading.hickmans",
            "gatsby_text_heading.mun",
            "gatsby_text_horizontal_rule.horizontal_rule",
            "gatsby_text_image.colab",
            "gatsby_text_image.hickmans",
            "gatsby_text_image.mun",
            "gatsby_text_italic.role_duration",
            "gatsby_text_link.issf",
            "gatsby_text_list.hickmans_tasks",
            "gatsby_text_list.mun_contract_tasks",
            "gatsby_text_list.mun_contract_tech",
            "gatsby_text_list.role_subtitle",
            "gatsby_text_list.work_contents"
          ]
        }
      ]
    },
    {
      "mode": "managed",
      "type": "gatsby_text_bold",
      "name": "role_title",
      "each": "map",
      "provider": "provider.gatsby",
      "instances": [
        {
          "index_key": "colab_fulltime",
          "schema_version": 0,
          "attributes": {
            "contents": "**Full Stack Developer**",
            "id": "e6081bed-e2b1-4fe5-b5b3-aa9bbcb90f3f",
            "text": "Full Stack Developer"
          },
          "private": "bnVsbA==",
          "dependencies": [
            "gatsby_text_link.issf",
            "gatsby_text_list.hickmans_tasks",
            "gatsby_text_list.mun_contract_tasks",
            "gatsby_text_list.mun_contract_tech"
          ]
        },
        {
          "index_key": "colab_internship",
          "schema_version": 0,
          "attributes": {
            "contents": "**Full Stack Development Intern**",
            "id": "cc8a2338-ff63-4474-98cf-a96f6bdcb2a8",
            "text": "Full Stack Development Intern"
          },
          "private": "bnVsbA==",
          "dependencies": [
            "gatsby_text_link.issf",
            "gatsby_text_list.hickmans_tasks",
            "gatsby_text_list.mun_contract_tasks",
            "gatsby_text_list.mun_contract_tech"
          ]
        },
        {
          "index_key": "hickmans",
          "schema_version": 0,
          "attributes": {
            "contents": "**Service Valet**",
            "id": "9c63f1f4-cf0e-48d6-b5c3-fc2dab38965f",
            "text": "Service Valet"
          },
          "private": "bnVsbA==",
          "dependencies": [
            "gatsby_text_link.issf",
            "gatsby_text_list.hickmans_tasks",
            "gatsby_text_list.mun_contract_tasks",
            "gatsby_text_list.mun_contract_tech"
          ]
        },
        {
          "index_key": "mun_contract",
          "schema_version": 0,
          "attributes": {
            "contents": "**Software Developer**",
            "id": "0cabf88f-39b7-41b1-8f3d-998783a1e110",
            "text": "Software Developer"
          },
          "private": "bnVsbA==",
          "dependencies": [
            "gatsby_text_link.issf",
            "gatsby_text_list.hickmans_tasks",
            "gatsby_text_list.mun_contract_tasks",
            "gatsby_text_list.mun_contract_tech"
          ]
        },
        {
          "index_key": "mun_parttime",
          "schema_version": 0,
          "attributes": {
            "contents": "**System Administrator \u0026 Software Developer**",
            "id": "146e794a-03ff-420c-a5ae-6442fde15ed3",
            "text": "System Administrator \u0026 Software Developer"
          },
          "private": "bnVsbA==",
          "dependencies": [
            "gatsby_text_link.issf",
            "gatsby_text_list.hickmans_tasks",
            "gatsby_text_list.mun_contract_tasks",
            "gatsby_text_list.mun_contract_tech"
          ]
        }
      ]
    },
    {
      "mode": "managed",
      "type": "gatsby_text_code",
      "name": "credits_copyright",
      "each": "map",
      "provider": "provider.gatsby",
      "instances": [
        {
          "index_key": "css",
          "schema_version": 0,
          "attributes": {
            "code": "Copyright (c) 2015 - present Microsoft Corporation",
            "contents": "`Copyright (c) 2015 - present Microsoft Corporation`",
            "id": "2783bdac-11a3-401e-b3ed-ded9c7ca6b07",
            "language": null,
            "multiline": false
          },
          "private": "bnVsbA==",
          "dependencies": [
            "gatsby_text_link.dank_mono",
            "gatsby_text_link.material_palenight",
            "gatsby_text_link.material_palenight_license",
            "gatsby_text_link.palenight_tmtheme",
            "gatsby_text_link.palenight_tmtheme_license",
            "gatsby_text_link.prismjs",
            "gatsby_text_link.prismjs_license",
            "gatsby_text_link.tmtheme_converter",
            "gatsby_text_link.vs_code",
            "gatsby_text_link.vs_code_license"
          ]
        },
        {
          "index_key": "dank_mono",
          "schema_version": 0,
          "attributes": {
            "code": "Copyright (c) 2018 Grazil Ltd",
            "contents": "`Copyright (c) 2018 Grazil Ltd`",
            "id": "b3c80dd7-39aa-4787-9bfc-064694d0a6ea",
            "language": null,
            "multiline": false
          },
          "private": "bnVsbA==",
          "dependencies": [
            "gatsby_text_link.dank_mono",
            "gatsby_text_link.material_palenight",
            "gatsby_text_link.material_palenight_license",
            "gatsby_text_link.palenight_tmtheme",
            "gatsby_text_link.palenight_tmtheme_license",
            "gatsby_text_link.prismjs",
            "gatsby_text_link.prismjs_license",
            "gatsby_text_link.tmtheme_converter",
            "gatsby_text_link.vs_code",
            "gatsby_text_link.vs_code_license"
          ]
        },
        {
          "index_key": "monaco_theme",
          "schema_version": 0,
          "attributes": {
            "code": "Copyright (c) 2016 Mattia Astorino",
            "contents": "`Copyright (c) 2016 Mattia Astorino`",
            "id": "58696cef-6d00-4a3e-9e6e-fafd53ac903f",
            "language": null,
            "multiline": false
          },
          "private": "bnVsbA==",
          "dependencies": [
            "gatsby_text_link.dank_mono",
            "gatsby_text_link.material_palenight",
            "gatsby_text_link.material_palenight_license",
            "gatsby_text_link.palenight_tmtheme",
            "gatsby_text_link.palenight_tmtheme_license",
            "gatsby_text_link.prismjs",
            "gatsby_text_link.prismjs_license",
            "gatsby_text_link.tmtheme_converter",
            "gatsby_text_link.vs_code",
            "gatsby_text_link.vs_code_license"
          ]
        },
        {
          "index_key": "palenight",
          "schema_version": 0,
          "attributes": {
            "code": "Copyright (c) 2017-present Olaolu Olawuyi",
            "contents": "`Copyright (c) 2017-present Olaolu Olawuyi`",
            "id": "c5103b46-a65b-4968-ba48-b7d95197f1e4",
            "language": null,
            "multiline": false
          },
          "private": "bnVsbA==",
          "dependencies": [
            "gatsby_text_link.dank_mono",
            "gatsby_text_link.material_palenight",
            "gatsby_text_link.material_palenight_license",
            "gatsby_text_link.palenight_tmtheme",
            "gatsby_text_link.palenight_tmtheme_license",
            "gatsby_text_link.prismjs",
            "gatsby_text_link.prismjs_license",
            "gatsby_text_link.tmtheme_converter",
            "gatsby_text_link.vs_code",
            "gatsby_text_link.vs_code_license"
          ]
        },
        {
          "index_key": "prismjs",
          "schema_version": 0,
          "attributes": {
            "code": "Copyright (c) 2012 Lea Verou",
            "contents": "`Copyright (c) 2012 Lea Verou`",
            "id": "17d9c526-9bb0-4dc2-bd91-0287c7008a84",
            "language": null,
            "multiline": false
          },
          "private": "bnVsbA==",
          "dependencies": [
            "gatsby_text_link.dank_mono",
            "gatsby_text_link.material_palenight",
            "gatsby_text_link.material_palenight_license",
            "gatsby_text_link.palenight_tmtheme",
            "gatsby_text_link.palenight_tmtheme_license",
            "gatsby_text_link.prismjs",
            "gatsby_text_link.prismjs_license",
            "gatsby_text_link.tmtheme_converter",
            "gatsby_text_link.vs_code",
            "gatsby_text_link.vs_code_license"
          ]
        }
      ]
    },
    {
      "mode": "managed",
      "type": "gatsby_text_heading",
      "name": "colab",
      "provider": "provider.gatsby",
      "instances": [
        {
          "schema_version": 0,
          "attributes": {
            "contents": "## CoLab Software",
            "id": "1aa67cd7-e413-40dc-85ba-d95fe9cbfb9d",
            "level": 2,
            "text": "CoLab Software"
          },
          "private": "bnVsbA=="
        }
      ]
    },
    {
      "mode": "managed",
      "type": "gatsby_text_heading",
      "name": "hickmans",
      "provider": "provider.gatsby",
      "instances": [
        {
          "schema_version": 0,
          "attributes": {
            "contents": "## Hickman Chevrolet Cadillac",
            "id": "8326ccb8-e6ef-49c6-be3c-fa2deaf236e9",
            "level": 2,
            "text": "Hickman Chevrolet Cadillac"
          },
          "private": "bnVsbA=="
        }
      ]
    },
    {
      "mode": "managed",
      "type": "gatsby_text_heading",
      "name": "link_list_header",
      "provider": "provider.gatsby",
      "instances": [
        {
          "schema_version": 0,
          "attributes": {
            "contents": "### Links",
            "id": "a705a37f-914f-4482-8491-0c3e2fcb5cc0",
            "level": 3,
            "text": "Links"
          },
          "private": "bnVsbA=="
        }
      ]
    },
    {
      "mode": "managed",
      "type": "gatsby_text_heading",
      "name": "mun",
      "provider": "provider.gatsby",
      "instances": [
        {
          "schema_version": 0,
          "attributes": {
            "contents": "## Memorial University of Newfoundland",
            "id": "a7faed62-1825-417d-809b-df59886abe84",
            "level": 2,
            "text": "Memorial University of Newfoundland"
          },
          "private": "bnVsbA=="
        }
      ]
    },
    {
      "mode": "managed",
      "type": "gatsby_text_heading",
      "name": "project_heading",
      "each": "map",
      "provider": "provider.gatsby",
      "instances": [
        {
          "index_key": "automata",
          "schema_version": 0,
          "attributes": {
            "contents": "## Automata",
            "id": "466138df-0dc7-4627-a1f8-613e22b71e2f",
            "level": 2,
            "text": "Automata"
          },
          "private": "bnVsbA==",
          "dependencies": [
            "gatsby_text_link.automata",
            "gatsby_text_link.chainmail",
            "gatsby_text_link.invitationasm",
            "gatsby_text_link.itunesrichpresence",
            "gatsby_text_link.jigsaw",
            "gatsby_text_link.jigsaw_docs",
            "gatsby_text_link.nintbotfordiscord",
            "gatsby_text_link.schooltracker",
            "gatsby_text_link.webrichpresence"
          ]
        },
        {
          "index_key": "chainmail",
          "schema_version": 0,
          "attributes": {
            "contents": "## Chainmail",
            "id": "8043e6ca-2097-4758-aae4-6bd2579f97b2",
            "level": 2,
            "text": "Chainmail"
          },
          "private": "bnVsbA==",
          "dependencies": [
            "gatsby_text_link.automata",
            "gatsby_text_link.chainmail",
            "gatsby_text_link.invitationasm",
            "gatsby_text_link.itunesrichpresence",
            "gatsby_text_link.jigsaw",
            "gatsby_text_link.jigsaw_docs",
            "gatsby_text_link.nintbotfordiscord",
            "gatsby_text_link.schooltracker",
            "gatsby_text_link.webrichpresence"
          ]
        },
        {
          "index_key": "invitationasm",
          "schema_version": 0,
          "attributes": {
            "contents": "## InvitationASM",
            "id": "4d719c02-7c7a-4a13-b9ad-30a0417e09ba",
            "level": 2,
            "text": "InvitationASM"
          },
          "private": "bnVsbA==",
          "dependencies": [
            "gatsby_text_link.automata",
            "gatsby_text_link.chainmail",
            "gatsby_text_link.invitationasm",
            "gatsby_text_link.itunesrichpresence",
            "gatsby_text_link.jigsaw",
            "gatsby_text_link.jigsaw_docs",
            "gatsby_text_link.nintbotfordiscord",
            "gatsby_text_link.schooltracker",
            "gatsby_text_link.webrichpresence"
          ]
        },
        {
          "index_key": "itunesrichpresence",
          "schema_version": 0,
          "attributes": {
            "contents": "## iTunesRichPresence",
            "id": "5929f630-8eef-4ba7-be43-590393beb1ab",
            "level": 2,
            "text": "iTunesRichPresence"
          },
          "private": "bnVsbA==",
          "dependencies": [
            "gatsby_text_link.automata",
            "gatsby_text_link.chainmail",
            "gatsby_text_link.invitationasm",
            "gatsby_text_link.itunesrichpresence",
            "gatsby_text_link.jigsaw",
            "gatsby_text_link.jigsaw_docs",
            "gatsby_text_link.nintbotfordiscord",
            "gatsby_text_link.schooltracker",
            "gatsby_text_link.webrichpresence"
          ]
        },
        {
          "index_key": "jigsaw",
          "schema_version": 0,
          "attributes": {
            "contents": "## Jigsaw",
            "id": "910c5a7f-05ff-4a00-af37-fd2d8fb92ba1",
            "level": 2,
            "text": "Jigsaw"
          },
          "private": "bnVsbA==",
          "dependencies": [
            "gatsby_text_link.automata",
            "gatsby_text_link.chainmail",
            "gatsby_text_link.invitationasm",
            "gatsby_text_link.itunesrichpresence",
            "gatsby_text_link.jigsaw",
            "gatsby_text_link.jigsaw_docs",
            "gatsby_text_link.nintbotfordiscord",
            "gatsby_text_link.schooltracker",
            "gatsby_text_link.webrichpresence"
          ]
        },
        {
          "index_key": "nintbotfordiscord",
          "schema_version": 0,
          "attributes": {
            "contents": "## NintbotForDiscord",
            "id": "9132072e-7a44-483d-9cd9-8e026ac19783",
            "level": 2,
            "text": "NintbotForDiscord"
          },
          "private": "bnVsbA==",
          "dependencies": [
            "gatsby_text_link.automata",
            "gatsby_text_link.chainmail",
            "gatsby_text_link.invitationasm",
            "gatsby_text_link.itunesrichpresence",
            "gatsby_text_link.jigsaw",
            "gatsby_text_link.jigsaw_docs",
            "gatsby_text_link.nintbotfordiscord",
            "gatsby_text_link.schooltracker",
            "gatsby_text_link.webrichpresence"
          ]
        },
        {
          "index_key": "schooltracker",
          "schema_version": 0,
          "attributes": {
            "contents": "## SchoolTracker",
            "id": "540c6af8-0ab6-40f5-b11e-516b9299a5fc",
            "level": 2,
            "text": "SchoolTracker"
          },
          "private": "bnVsbA==",
          "dependencies": [
            "gatsby_text_link.automata",
            "gatsby_text_link.chainmail",
            "gatsby_text_link.invitationasm",
            "gatsby_text_link.itunesrichpresence",
            "gatsby_text_link.jigsaw",
            "gatsby_text_link.jigsaw_docs",
            "gatsby_text_link.nintbotfordiscord",
            "gatsby_text_link.schooltracker",
            "gatsby_text_link.webrichpresence"
          ]
        },
        {
          "index_key": "webrichpresence",
          "schema_version": 0,
          "attributes": {
            "contents": "## WebRichPresence",
            "id": "2dc82415-d2fa-4114-ba64-821f314a56b6",
            "level": 2,
            "text": "WebRichPresence"
          },
          "private": "bnVsbA==",
          "dependencies": [
            "gatsby_text_link.automata",
            "gatsby_text_link.chainmail",
            "gatsby_text_link.invitationasm",
            "gatsby_text_link.itunesrichpresence",
            "gatsby_text_link.jigsaw",
            "gatsby_text_link.jigsaw_docs",
            "gatsby_text_link.nintbotfordiscord",
            "gatsby_text_link.schooltracker",
            "gatsby_text_link.webrichpresence"
          ]
        }
      ]
    },
    {
      "mode": "managed",
      "type": "gatsby_text_horizontal_rule",
      "name": "horizontal_rule",
      "provider": "provider.gatsby",
      "instances": [
        {
          "schema_version": 0,
          "attributes": {
            "contents": "---",
            "id": "a5bf59ac-4778-410e-9f15-83b194b0fa65"
          },
          "private": "bnVsbA=="
        }
      ]
    },
    {
      "mode": "managed",
      "type": "gatsby_text_image",
      "name": "colab",
      "provider": "provider.gatsby",
      "instances": [
        {
          "schema_version": 0,
          "attributes": {
            "alt_text": "CoLab Software",
            "contents": "![CoLab Software](/2020/images/work/colab-software.png)",
            "id": "ea68b9c1-1e24-4938-b6cc-77812dbbb35e",
            "path": "/2020/images/work/colab-software.png"
          },
          "private": "bnVsbA=="
        }
      ]
    },
    {
      "mode": "managed",
      "type": "gatsby_text_image",
      "name": "hickmans",
      "provider": "provider.gatsby",
      "instances": [
        {
          "schema_version": 0,
          "attributes": {
            "alt_text": "Hickman Chevrolet Cadillac",
            "contents": "![Hickman Chevrolet Cadillac](/2020/images/work/hickman-chevrolet-cadillac.jpg)",
            "id": "3dc498b2-15c3-4493-889e-fa02bcc0032a",
            "path": "/2020/images/work/hickman-chevrolet-cadillac.jpg"
          },
          "private": "bnVsbA=="
        }
      ]
    },
    {
      "mode": "managed",
      "type": "gatsby_text_image",
      "name": "mun",
      "provider": "provider.gatsby",
      "instances": [
        {
          "schema_version": 0,
          "attributes": {
            "alt_text": "Memorial University of Newfoundland",
            "contents": "![Memorial University of Newfoundland](/2020/images/work/memorial-university-of-newfoundland.png)",
            "id": "0e791379-6bf3-4fc4-9efe-630536d4cfb4",
            "path": "/2020/images/work/memorial-university-of-newfoundland.png"
          },
          "private": "bnVsbA=="
        }
      ]
    },
    {
      "mode": "managed",
      "type": "gatsby_text_image",
      "name": "project_image",
      "each": "map",
      "provider": "provider.gatsby",
      "instances": [
        {
          "index_key": "automata",
          "schema_version": 0,
          "attributes": {
            "alt_text": "Automata",
            "contents": "![Automata](/2020/images/projects/Automata.png)",
            "id": "65422163-11c3-4054-8624-95fd3d349255",
            "path": "/2020/images/projects/Automata.png"
          },
          "private": "bnVsbA==",
          "dependencies": [
            "gatsby_text_link.automata",
            "gatsby_text_link.chainmail",
            "gatsby_text_link.invitationasm",
            "gatsby_text_link.itunesrichpresence",
            "gatsby_text_link.jigsaw",
            "gatsby_text_link.jigsaw_docs",
            "gatsby_text_link.nintbotfordiscord",
            "gatsby_text_link.schooltracker",
            "gatsby_text_link.webrichpresence"
          ]
        },
        {
          "index_key": "chainmail",
          "schema_version": 0,
          "attributes": {
            "alt_text": "Chainmail",
            "contents": "![Chainmail](/2020/images/projects/Chainmail.png)",
            "id": "74f16399-f8ad-4ee9-9a78-a5ed022f6264",
            "path": "/2020/images/projects/Chainmail.png"
          },
          "private": "bnVsbA==",
          "dependencies": [
            "gatsby_text_link.automata",
            "gatsby_text_link.chainmail",
            "gatsby_text_link.invitationasm",
            "gatsby_text_link.itunesrichpresence",
            "gatsby_text_link.jigsaw",
            "gatsby_text_link.jigsaw_docs",
            "gatsby_text_link.nintbotfordiscord",
            "gatsby_text_link.schooltracker",
            "gatsby_text_link.webrichpresence"
          ]
        },
        {
          "index_key": "invitationasm",
          "schema_version": 0,
          "attributes": {
            "alt_text": "InvitationASM",
            "contents": "![InvitationASM](/2020/images/projects/InvitationASM.png)",
            "id": "0b801dbc-c6e5-4094-abf2-5dab2210757a",
            "path": "/2020/images/projects/InvitationASM.png"
          },
          "private": "bnVsbA==",
          "dependencies": [
            "gatsby_text_link.automata",
            "gatsby_text_link.chainmail",
            "gatsby_text_link.invitationasm",
            "gatsby_text_link.itunesrichpresence",
            "gatsby_text_link.jigsaw",
            "gatsby_text_link.jigsaw_docs",
            "gatsby_text_link.nintbotfordiscord",
            "gatsby_text_link.schooltracker",
            "gatsby_text_link.webrichpresence"
          ]
        },
        {
          "index_key": "itunesrichpresence",
          "schema_version": 0,
          "attributes": {
            "alt_text": "iTunesRichPresence",
            "contents": "![iTunesRichPresence](/2020/images/projects/iTunesRichPresence.png)",
            "id": "2c15db99-1718-4dc1-aee1-d504bdbf6b87",
            "path": "/2020/images/projects/iTunesRichPresence.png"
          },
          "private": "bnVsbA==",
          "dependencies": [
            "gatsby_text_link.automata",
            "gatsby_text_link.chainmail",
            "gatsby_text_link.invitationasm",
            "gatsby_text_link.itunesrichpresence",
            "gatsby_text_link.jigsaw",
            "gatsby_text_link.jigsaw_docs",
            "gatsby_text_link.nintbotfordiscord",
            "gatsby_text_link.schooltracker",
            "gatsby_text_link.webrichpresence"
          ]
        },
        {
          "index_key": "jigsaw",
          "schema_version": 0,
          "attributes": {
            "alt_text": "Jigsaw",
            "contents": "![Jigsaw](/2020/images/projects/Jigsaw.png)",
            "id": "5ee41189-83d7-4d34-b3e9-161759eaf0a0",
            "path": "/2020/images/projects/Jigsaw.png"
          },
          "private": "bnVsbA==",
          "dependencies": [
            "gatsby_text_link.automata",
            "gatsby_text_link.chainmail",
            "gatsby_text_link.invitationasm",
            "gatsby_text_link.itunesrichpresence",
            "gatsby_text_link.jigsaw",
            "gatsby_text_link.jigsaw_docs",
            "gatsby_text_link.nintbotfordiscord",
            "gatsby_text_link.schooltracker",
            "gatsby_text_link.webrichpresence"
          ]
        },
        {
          "index_key": "nintbotfordiscord",
          "schema_version": 0,
          "attributes": {
            "alt_text": "NintbotForDiscord",
            "contents": "![NintbotForDiscord](/2020/images/projects/NintbotForDiscord.png)",
            "id": "3434de6b-1c58-4d98-a2dd-cf99bcc2ab60",
            "path": "/2020/images/projects/NintbotForDiscord.png"
          },
          "private": "bnVsbA==",
          "dependencies": [
            "gatsby_text_link.automata",
            "gatsby_text_link.chainmail",
            "gatsby_text_link.invitationasm",
            "gatsby_text_link.itunesrichpresence",
            "gatsby_text_link.jigsaw",
            "gatsby_text_link.jigsaw_docs",
            "gatsby_text_link.nintbotfordiscord",
            "gatsby_text_link.schooltracker",
            "gatsby_text_link.webrichpresence"
          ]
        },
        {
          "index_key": "schooltracker",
          "schema_version": 0,
          "attributes": {
            "alt_text": "SchoolTracker",
            "contents": "![SchoolTracker](/2020/images/projects/SchoolTracker.png)",
            "id": "db8a5af0-c477-483c-8dc5-3b9ec2848122",
            "path": "/2020/images/projects/SchoolTracker.png"
          },
          "private": "bnVsbA==",
          "dependencies": [
            "gatsby_text_link.automata",
            "gatsby_text_link.chainmail",
            "gatsby_text_link.invitationasm",
            "gatsby_text_link.itunesrichpresence",
            "gatsby_text_link.jigsaw",
            "gatsby_text_link.jigsaw_docs",
            "gatsby_text_link.nintbotfordiscord",
            "gatsby_text_link.schooltracker",
            "gatsby_text_link.webrichpresence"
          ]
        },
        {
          "index_key": "webrichpresence",
          "schema_version": 0,
          "attributes": {
            "alt_text": "WebRichPresence",
            "contents": "![WebRichPresence](/2020/images/projects/WebRichPresence.png)",
            "id": "f2b8dda0-8dd5-414f-9e75-2eeeaf804b4a",
            "path": "/2020/images/projects/WebRichPresence.png"
          },
          "private": "bnVsbA==",
          "dependencies": [
            "gatsby_text_link.automata",
            "gatsby_text_link.chainmail",
            "gatsby_text_link.invitationasm",
            "gatsby_text_link.itunesrichpresence",
            "gatsby_text_link.jigsaw",
            "gatsby_text_link.jigsaw_docs",
            "gatsby_text_link.nintbotfordiscord",
            "gatsby_text_link.schooltracker",
            "gatsby_text_link.webrichpresence"
          ]
        }
      ]
    },
    {
      "mode": "managed",
      "type": "gatsby_text_italic",
      "name": "role_duration",
      "each": "map",
      "provider": "provider.gatsby",
      "instances": [
        {
          "index_key": "colab_fulltime",
          "schema_version": 0,
          "attributes": {
            "contents": "_September 2019 - Present_",
            "id": "cf03fd23-4988-4506-8ae0-6aa925b19647",
            "text": "September 2019 - Present"
          },
          "private": "bnVsbA==",
          "dependencies": [
            "gatsby_text_link.issf",
            "gatsby_text_list.hickmans_tasks",
            "gatsby_text_list.mun_contract_tasks",
            "gatsby_text_list.mun_contract_tech"
          ]
        },
        {
          "index_key": "colab_internship",
          "schema_version": 0,
          "attributes": {
            "contents": "_April 2019 - September 2019_",
            "id": "c7dcb5f3-ce74-4028-bd99-60cf5bb7baa8",
            "text": "April 2019 - September 2019"
          },
          "private": "bnVsbA==",
          "dependencies": [
            "gatsby_text_link.issf",
            "gatsby_text_list.hickmans_tasks",
            "gatsby_text_list.mun_contract_tasks",
            "gatsby_text_list.mun_contract_tech"
          ]
        },
        {
          "index_key": "hickmans",
          "schema_version": 0,
          "attributes": {
            "contents": "_May 2017 - August 2017, April 2018 - August 2018_",
            "id": "aa59ddfe-4ee1-426f-b3ff-cab62d3b11a7",
            "text": "May 2017 - August 2017, April 2018 - August 2018"
          },
          "private": "bnVsbA==",
          "dependencies": [
            "gatsby_text_link.issf",
            "gatsby_text_list.hickmans_tasks",
            "gatsby_text_list.mun_contract_tasks",
            "gatsby_text_list.mun_contract_tech"
          ]
        },
        {
          "index_key": "mun_contract",
          "schema_version": 0,
          "attributes": {
            "contents": "_December 2018 - January 2019_",
            "id": "c4d82308-3102-49a4-a266-7d5f64898d95",
            "text": "December 2018 - January 2019"
          },
          "private": "bnVsbA==",
          "dependencies": [
            "gatsby_text_link.issf",
            "gatsby_text_list.hickmans_tasks",
            "gatsby_text_list.mun_contract_tasks",
            "gatsby_text_list.mun_contract_tech"
          ]
        },
        {
          "index_key": "mun_parttime",
          "schema_version": 0,
          "attributes": {
            "contents": "_January 2019 - April 2019_",
            "id": "1a8b439d-4898-4ba7-a681-16861c5c5d19",
            "text": "January 2019 - April 2019"
          },
          "private": "bnVsbA==",
          "dependencies": [
            "gatsby_text_link.issf",
            "gatsby_text_list.hickmans_tasks",
            "gatsby_text_list.mun_contract_tasks",
            "gatsby_text_list.mun_contract_tech"
          ]
        }
      ]
    },
    {
      "mode": "managed",
      "type": "gatsby_text_link",
      "name": "automata",
      "provider": "provider.gatsby",
      "instances": [
        {
          "schema_version": 0,
          "attributes": {
            "contents": "[GitHub](https://github.com/MUNComputerScienceSociety/Automata)",
            "id": "476f188c-3824-44e1-af5c-857aeaf58eaf",
            "label": "GitHub",
            "url": "https://github.com/MUNComputerScienceSociety/Automata"
          },
          "private": "bnVsbA=="
        }
      ]
    },
    {
      "mode": "managed",
      "type": "gatsby_text_link",
      "name": "chainmail",
      "provider": "provider.gatsby",
      "instances": [
        {
          "schema_version": 0,
          "attributes": {
            "contents": "[GitHub](https://github.com/Chainmail-Project/Chainmail)",
            "id": "c8d6914c-a095-4917-af47-7e27d4b2042d",
            "label": "GitHub",
            "url": "https://github.com/Chainmail-Project/Chainmail"
          },
          "private": "bnVsbA=="
        }
      ]
    },
    {
      "mode": "managed",
      "type": "gatsby_text_link",
      "name": "colab_link",
      "provider": "provider.gatsby",
      "instances": [
        {
          "schema_version": 0,
          "attributes": {
            "contents": "[CoLab Software](https://www.colabsoftware.com)",
            "id": "f71c8f86-f355-445d-8b67-ef074a01a2e3",
            "label": "CoLab Software",
            "url": "https://www.colabsoftware.com"
          },
          "private": "bnVsbA=="
        }
      ]
    },
    {
      "mode": "managed",
      "type": "gatsby_text_link",
      "name": "dank_mono",
      "provider": "provider.gatsby",
      "instances": [
        {
          "schema_version": 0,
          "attributes": {
            "contents": "[Dank Mono](https://dank.sh)",
            "id": "b1e26885-810b-4118-9672-97b44c863e01",
            "label": "Dank Mono",
            "url": "https://dank.sh"
          },
          "private": "bnVsbA=="
        }
      ]
    },
    {
      "mode": "managed",
      "type": "gatsby_text_link",
      "name": "invitationasm",
      "provider": "provider.gatsby",
      "instances": [
        {
          "schema_version": 0,
          "attributes": {
            "contents": "[GitHub](https://github.com/nint8835/InvitationASM)",
            "id": "f4611c4a-1413-4264-b179-baa7bcd86d72",
            "label": "GitHub",
            "url": "https://github.com/nint8835/InvitationASM"
          },
          "private": "bnVsbA=="
        }
      ]
    },
    {
      "mode": "managed",
      "type": "gatsby_text_link",
      "name": "issf",
      "provider": "provider.gatsby",
      "instances": [
        {
          "schema_version": 0,
          "attributes": {
            "contents": "[ISSF](https://github.com/toobigtoignore/issf)",
            "id": "6d71c6ec-c927-46dd-91c4-64bafd206159",
            "label": "ISSF",
            "url": "https://github.com/toobigtoignore/issf"
          },
          "private": "bnVsbA=="
        }
      ]
    },
    {
      "mode": "managed",
      "type": "gatsby_text_link",
      "name": "itunesrichpresence",
      "provider": "provider.gatsby",
      "instances": [
        {
          "schema_version": 0,
          "attributes": {
            "contents": "[GitHub](https://github.com/nint8835/iTunesRichPresence)",
            "id": "04cc5413-5dd8-40b0-827a-405888ec45f1",
            "label": "GitHub",
            "url": "https://github.com/nint8835/iTunesRichPresence"
          },
          "private": "bnVsbA=="
        }
      ]
    },
    {
      "mode": "managed",
      "type": "gatsby_text_link",
      "name": "jigsaw",
      "provider": "provider.gatsby",
      "instances": [
        {
          "schema_version": 0,
          "attributes": {
            "contents": "[GitHub](https://github.com/nint8835/jigsaw)",
            "id": "edc2f833-704a-4705-85d2-c6bedaa29daa",
            "label": "GitHub",
            "url": "https://github.com/nint8835/jigsaw"
          },
          "private": "bnVsbA=="
        }
      ]
    },
    {
      "mode": "managed",
      "type": "gatsby_text_link",
      "name": "jigsaw_docs",
      "provider": "provider.gatsby",
      "instances": [
        {
          "schema_version": 0,
          "attributes": {
            "contents": "[Docs](https://jigsaw.readthedocs.io/en/latest/)",
            "id": "cc7a9eea-11ca-45aa-8702-63557883f0d6",
            "label": "Docs",
            "url": "https://jigsaw.readthedocs.io/en/latest/"
          },
          "private": "bnVsbA=="
        }
      ]
    },
    {
      "mode": "managed",
      "type": "gatsby_text_link",
      "name": "link_list_link",
      "each": "map",
      "provider": "provider.gatsby",
      "instances": [
        {
          "index_key": "Email",
          "schema_version": 0,
          "attributes": {
            "contents": "[Email](mailto:riley@rileyflynn.me)",
            "id": "a69dbda1-606e-4d47-802f-a094bf721b91",
            "label": "Email",
            "url": "mailto:riley@rileyflynn.me"
          },
          "private": "bnVsbA=="
        },
        {
          "index_key": "GitHub",
          "schema_version": 0,
          "attributes": {
            "contents": "[GitHub](https://github.com/nint8835)",
            "id": "f70f11f6-e1d8-44b6-ba1a-094b278fb8d5",
            "label": "GitHub",
            "url": "https://github.com/nint8835"
          },
          "private": "bnVsbA=="
        },
        {
          "index_key": "LinkedIn",
          "schema_version": 0,
          "attributes": {
            "contents": "[LinkedIn](https://www.linkedin.com/in/nint8835)",
            "id": "91619dfe-996e-4bd4-9a0c-cc21720c060e",
            "label": "LinkedIn",
            "url": "https://www.linkedin.com/in/nint8835"
          },
          "private": "bnVsbA=="
        },
        {
          "index_key": "Twitter",
          "schema_version": 0,
          "attributes": {
            "contents": "[Twitter](https://twitter.com/BootlegJohn)",
            "id": "ab2a9058-0316-4346-b4d2-4ec5796dff7e",
            "label": "Twitter",
            "url": "https://twitter.com/BootlegJohn"
          },
          "private": "bnVsbA=="
        }
      ]
    },
    {
      "mode": "managed",
      "type": "gatsby_text_link",
      "name": "material_palenight",
      "provider": "provider.gatsby",
      "instances": [
        {
          "schema_version": 0,
          "attributes": {
            "contents": "[vscode-material-palenight-theme](https://github.com/whizkydee/vscode-material-palenight-theme)",
            "id": "1f4acd6c-6572-4037-bdb5-724aa8540b31",
            "label": "vscode-material-palenight-theme",
            "url": "https://github.com/whizkydee/vscode-material-palenight-theme"
          },
          "private": "bnVsbA=="
        }
      ]
    },
    {
      "mode": "managed",
      "type": "gatsby_text_link",
      "name": "material_palenight_license",
      "provider": "provider.gatsby",
      "instances": [
        {
          "schema_version": 0,
          "attributes": {
            "contents": "[here](https://github.com/whizkydee/vscode-material-palenight-theme/blob/master/license.md)",
            "id": "e7fff1a9-56f7-464b-b6b3-1702924d641c",
            "label": "here",
            "url": "https://github.com/whizkydee/vscode-material-palenight-theme/blob/master/license.md"
          },
          "private": "bnVsbA=="
        }
      ]
    },
    {
      "mode": "managed",
      "type": "gatsby_text_link",
      "name": "nintbotfordiscord",
      "provider": "provider.gatsby",
      "instances": [
        {
          "schema_version": 0,
          "attributes": {
            "contents": "[GitHub](https://github.com/nint8835/NintbotForDiscord)",
            "id": "e86c3823-18e6-4ce7-8546-31366527c3bf",
            "label": "GitHub",
            "url": "https://github.com/nint8835/NintbotForDiscord"
          },
          "private": "bnVsbA=="
        }
      ]
    },
    {
      "mode": "managed",
      "type": "gatsby_text_link",
      "name": "palenight_tmtheme",
      "provider": "provider.gatsby",
      "instances": [
        {
          "schema_version": 0,
          "attributes": {
            "contents": "[Material Theme for Sublime Text](https://github.com/equinusocio/material-theme)",
            "id": "6be2cbb2-24c7-4392-99d5-6bb6182bef92",
            "label": "Material Theme for Sublime Text",
            "url": "https://github.com/equinusocio/material-theme"
          },
          "private": "bnVsbA=="
        }
      ]
    },
    {
      "mode": "managed",
      "type": "gatsby_text_link",
      "name": "palenight_tmtheme_license",
      "provider": "provider.gatsby",
      "instances": [
        {
          "schema_version": 0,
          "attributes": {
            "contents": "[here](https://github.com/equinusocio/material-theme/blob/master/LICENSE.md)",
            "id": "961eb00e-b621-44d2-811a-d639115b1feb",
            "label": "here",
            "url": "https://github.com/equinusocio/material-theme/blob/master/LICENSE.md"
          },
          "private": "bnVsbA=="
        }
      ]
    },
    {
      "mode": "managed",
      "type": "gatsby_text_link",
      "name": "prismjs",
      "provider": "provider.gatsby",
      "instances": [
        {
          "schema_version": 0,
          "attributes": {
            "contents": "[PrismJS](https://github.com/PrismJS/prism/)",
            "id": "c77c498c-4ab4-4455-9f4c-c2305ee33063",
            "label": "PrismJS",
            "url": "https://github.com/PrismJS/prism/"
          },
          "private": "bnVsbA=="
        }
      ]
    },
    {
      "mode": "managed",
      "type": "gatsby_text_link",
      "name": "prismjs_license",
      "provider": "provider.gatsby",
      "instances": [
        {
          "schema_version": 0,
          "attributes": {
            "contents": "[here](https://github.com/PrismJS/prism/blob/master/LICENSE)",
            "id": "a292a43a-2d73-46ec-9f67-bd0f3daa1215",
            "label": "here",
            "url": "https://github.com/PrismJS/prism/blob/master/LICENSE"
          },
          "private": "bnVsbA=="
        }
      ]
    },
    {
      "mode": "managed",
      "type": "gatsby_text_link",
      "name": "schooltracker",
      "provider": "provider.gatsby",
      "instances": [
        {
          "schema_version": 0,
          "attributes": {
            "contents": "[GitHub](https://github.com/nint8835/SchoolTracker)",
            "id": "9d44031d-a283-4cc5-bd38-204b0419c0af",
            "label": "GitHub",
            "url": "https://github.com/nint8835/SchoolTracker"
          },
          "private": "bnVsbA=="
        }
      ]
    },
    {
      "mode": "managed",
      "type": "gatsby_text_link",
      "name": "tmtheme_converter",
      "provider": "provider.gatsby",
      "instances": [
        {
          "schema_version": 0,
          "attributes": {
            "contents": "[this tmTheme to Monaco converter](https://bitwiser.in/monaco-themes/)",
            "id": "efd6bc4d-003f-4d88-8005-cc70ce82c7f7",
            "label": "this tmTheme to Monaco converter",
            "url": "https://bitwiser.in/monaco-themes/"
          },
          "private": "bnVsbA=="
        }
      ]
    },
    {
      "mode": "managed",
      "type": "gatsby_text_link",
      "name": "vs_code",
      "provider": "provider.gatsby",
      "instances": [
        {
          "schema_version": 0,
          "attributes": {
            "contents": "[VS Code](https://github.com/microsoft/vscode/)",
            "id": "614c100b-b4c4-42e5-87a9-c44c52c1761e",
            "label": "VS Code",
            "url": "https://github.com/microsoft/vscode/"
          },
          "private": "bnVsbA=="
        }
      ]
    },
    {
      "mode": "managed",
      "type": "gatsby_text_link",
      "name": "vs_code_license",
      "provider": "provider.gatsby",
      "instances": [
        {
          "schema_version": 0,
          "attributes": {
            "contents": "[here](https://github.com/microsoft/vscode/blob/master/LICENSE.txt)",
            "id": "bf068c12-6370-4ccf-980e-8b9ae8207899",
            "label": "here",
            "url": "https://github.com/microsoft/vscode/blob/master/LICENSE.txt"
          },
          "private": "bnVsbA=="
        }
      ]
    },
    {
      "mode": "managed",
      "type": "gatsby_text_link",
      "name": "webrichpresence",
      "provider": "provider.gatsby",
      "instances": [
        {
          "schema_version": 0,
          "attributes": {
            "contents": "[GitHub (Client)](https://github.com/nint8835/WebRichPresence_Client)",
            "id": "757a5fad-f3d2-4ad5-a97d-d18e07351bb0",
            "label": "GitHub (Client)",
            "url": "https://github.com/nint8835/WebRichPresence_Client"
          },
          "private": "bnVsbA=="
        }
      ]
    },
    {
      "mode": "managed",
      "type": "gatsby_text_list",
      "name": "credits_list",
      "provider": "provider.gatsby",
      "instances": [
        {
          "schema_version": 0,
          "attributes": {
            "contents": "- Large quantities of the CSS for this site came from [VS Code](https://github.com/microsoft/vscode/)\n  - `Copyright (c) 2015 - present Microsoft Corporation`\n  - License available [here](https://github.com/microsoft/vscode/blob/master/LICENSE.txt)\n- Font used site-wide is [Dank Mono](https://dank.sh)\n  - `Copyright (c) 2018 Grazil Ltd`\n- Theme for Monaco Editor was taken from [Material Theme for Sublime Text](https://github.com/equinusocio/material-theme) and converted using [this tmTheme to Monaco converter](https://bitwiser.in/monaco-themes/)\n  - `Copyright (c) 2016 Mattia Astorino`\n  - License available [here](https://github.com/equinusocio/material-theme/blob/master/LICENSE.md)\n- Colour scheme for this website was taken from [vscode-material-palenight-theme](https://github.com/whizkydee/vscode-material-palenight-theme)\n  - `Copyright (c) 2017-present Olaolu Olawuyi`\n  - License available [here](https://github.com/whizkydee/vscode-material-palenight-theme/blob/master/license.md)\n- Syntax highlighting scheme base was taken from [PrismJS](https://github.com/PrismJS/prism/)\n  - `Copyright (c) 2012 Lea Verou`\n  - License available [here](https://github.com/PrismJS/prism/blob/master/LICENSE)",
            "id": "2a1a8f91-3f6e-43a6-9db3-cdeca483a1c7",
            "items": [
              "Large quantities of the CSS for this site came from [VS Code](https://github.com/microsoft/vscode/)\n  - `Copyright (c) 2015 - present Microsoft Corporation`\n  - License available [here](https://github.com/microsoft/vscode/blob/master/LICENSE.txt)",
              "Font used site-wide is [Dank Mono](https://dank.sh)\n  - `Copyright (c) 2018 Grazil Ltd`",
              "Theme for Monaco Editor was taken from [Material Theme for Sublime Text](https://github.com/equinusocio/material-theme) and converted using [this tmTheme to Monaco converter](https://bitwiser.in/monaco-themes/)\n  - `Copyright (c) 2016 Mattia Astorino`\n  - License available [here](https://github.com/equinusocio/material-theme/blob/master/LICENSE.md)",
              "Colour scheme for this website was taken from [vscode-material-palenight-theme](https://github.com/whizkydee/vscode-material-palenight-theme)\n  - `Copyright (c) 2017-present Olaolu Olawuyi`\n  - License available [here](https://github.com/whizkydee/vscode-material-palenight-theme/blob/master/license.md)",
              "Syntax highlighting scheme base was taken from [PrismJS](https://github.com/PrismJS/prism/)\n  - `Copyright (c) 2012 Lea Verou`\n  - License available [here](https://github.com/PrismJS/prism/blob/master/LICENSE)"
            ],
            "prefix": "- ",
            "separator": "\n"
          },
          "private": "bnVsbA==",
          "dependencies": [
            "gatsby_text_code.credits_copyright",
            "gatsby_text_link.dank_mono",
            "gatsby_text_link.material_palenight",
            "gatsby_text_link.material_palenight_license",
            "gatsby_text_link.palenight_tmtheme",
            "gatsby_text_link.palenight_tmtheme_license",
            "gatsby_text_link.prismjs",
            "gatsby_text_link.prismjs_license",
            "gatsby_text_link.tmtheme_converter",
            "gatsby_text_link.vs_code",
            "gatsby_text_link.vs_code_license",
            "gatsby_text_list.credits_subitems_list"
          ]
        }
      ]
    },
    {
      "mode": "managed",
      "type": "gatsby_text_list",
      "name": "credits_subitems_list",
      "each": "map",
      "provider": "provider.gatsby",
      "instances": [
        {
          "index_key": "css",
          "schema_version": 0,
          "attributes": {
            "contents": "  - `Copyright (c) 2015 - present Microsoft Corporation`\n  - License available [here](https://github.com/microsoft/vscode/blob/master/LICENSE.txt)",
            "id": "fe8a51ea-7384-466c-8539-69afb4a8a48f",
            "items": [
              "`Copyright (c) 2015 - present Microsoft Corporation`",
              "License available [here](https://github.com/microsoft/vscode/blob/master/LICENSE.txt)"
            ],
            "prefix": "  - ",
            "separator": "\n"
          },
          "private": "bnVsbA==",
          "dependencies": [
            "gatsby_text_code.credits_copyright",
            "gatsby_text_link.dank_mono",
            "gatsby_text_link.material_palenight",
            "gatsby_text_link.material_palenight_license",
            "gatsby_text_link.palenight_tmtheme",
            "gatsby_text_link.palenight_tmtheme_license",
            "gatsby_text_link.prismjs",
            "gatsby_text_link.prismjs_license",
            "gatsby_text_link.tmtheme_converter",
            "gatsby_text_link.vs_code",
            "gatsby_text_link.vs_code_license"
          ]
        },
        {
          "index_key": "dank_mono",
          "schema_version": 0,
          "attributes": {
            "contents": "  - `Copyright (c) 2018 Grazil Ltd`",
            "id": "1c61db0b-0f33-4725-9e49-54b4edcc9a31",
            "items": [
              "`Copyright (c) 2018 Grazil Ltd`"
            ],
            "prefix": "  - ",
            "separator": "\n"
          },
          "private": "bnVsbA==",
          "dependencies": [
            "gatsby_text_code.credits_copyright",
            "gatsby_text_link.dank_mono",
            "gatsby_text_link.material_palenight",
            "gatsby_text_link.material_palenight_license",
            "gatsby_text_link.palenight_tmtheme",
            "gatsby_text_link.palenight_tmtheme_license",
            "gatsby_text_link.prismjs",
            "gatsby_text_link.prismjs_license",
            "gatsby_text_link.tmtheme_converter",
            "gatsby_text_link.vs_code",
            "gatsby_text_link.vs_code_license"
          ]
        },
        {
          "index_key": "monaco_theme",
          "schema_version": 0,
          "attributes": {
            "contents": "  - `Copyright (c) 2016 Mattia Astorino`\n  - License available [here](https://github.com/equinusocio/material-theme/blob/master/LICENSE.md)",
            "id": "4d8d8010-1805-471a-9650-c5f6a6c1c018",
            "items": [
              "`Copyright (c) 2016 Mattia Astorino`",
              "License available [here](https://github.com/equinusocio/material-theme/blob/master/LICENSE.md)"
            ],
            "prefix": "  - ",
            "separator": "\n"
          },
          "private": "bnVsbA==",
          "dependencies": [
            "gatsby_text_code.credits_copyright",
            "gatsby_text_link.dank_mono",
            "gatsby_text_link.material_palenight",
            "gatsby_text_link.material_palenight_license",
            "gatsby_text_link.palenight_tmtheme",
            "gatsby_text_link.palenight_tmtheme_license",
            "gatsby_text_link.prismjs",
            "gatsby_text_link.prismjs_license",
            "gatsby_text_link.tmtheme_converter",
            "gatsby_text_link.vs_code",
            "gatsby_text_link.vs_code_license"
          ]
        },
        {
          "index_key": "palenight",
          "schema_version": 0,
          "attributes": {
            "contents": "  - `Copyright (c) 2017-present Olaolu Olawuyi`\n  - License available [here](https://github.com/whizkydee/vscode-material-palenight-theme/blob/master/license.md)",
            "id": "77e474a7-5f87-4bb2-822a-d464d3ea5316",
            "items": [
              "`Copyright (c) 2017-present Olaolu Olawuyi`",
              "License available [here](https://github.com/whizkydee/vscode-material-palenight-theme/blob/master/license.md)"
            ],
            "prefix": "  - ",
            "separator": "\n"
          },
          "private": "bnVsbA==",
          "dependencies": [
            "gatsby_text_code.credits_copyright",
            "gatsby_text_link.dank_mono",
            "gatsby_text_link.material_palenight",
            "gatsby_text_link.material_palenight_license",
            "gatsby_text_link.palenight_tmtheme",
            "gatsby_text_link.palenight_tmtheme_license",
            "gatsby_text_link.prismjs",
            "gatsby_text_link.prismjs_license",
            "gatsby_text_link.tmtheme_converter",
            "gatsby_text_link.vs_code",
            "gatsby_text_link.vs_code_license"
          ]
        },
        {
          "index_key": "prismjs",
          "schema_version": 0,
          "attributes": {
            "contents": "  - `Copyright (c) 2012 Lea Verou`\n  - License available [here](https://github.com/PrismJS/prism/blob/master/LICENSE)",
            "id": "ddd11251-ec9d-4bf7-a3aa-23ab28c3f782",
            "items": [
              "`Copyright (c) 2012 Lea Verou`",
              "License available [here](https://github.com/PrismJS/prism/blob/master/LICENSE)"
            ],
            "prefix": "  - ",
            "separator": "\n"
          },
          "private": "bnVsbA==",
          "dependencies": [
            "gatsby_text_code.credits_copyright",
            "gatsby_text_link.dank_mono",
            "gatsby_text_link.material_palenight",
            "gatsby_text_link.material_palenight_license",
            "gatsby_text_link.palenight_tmtheme",
            "gatsby_text_link.palenight_tmtheme_license",
            "gatsby_text_link.prismjs",
            "gatsby_text_link.prismjs_license",
            "gatsby_text_link.tmtheme_converter",
            "gatsby_text_link.vs_code",
            "gatsby_text_link.vs_code_license"
          ]
        }
      ]
    },
    {
      "mode": "managed",
      "type": "gatsby_text_list",
      "name": "hickmans_tasks",
      "provider": "provider.gatsby",
      "instances": [
        {
          "schema_version": 0,
          "attributes": {
            "contents": "- Handled the check-in process for incoming customers\n- Performed a number of simple maintenance tasks for customers (topping up windshield wash, retorquing lug nuts, refilling air in tires, etc.)\n- Acted as tech support for customers, assisting them with tasks such as programming favourites into their radios, pairing their phones with their infotainment system, etc.\n- Managed the fleet of service loaners in the absence of the main service cashier\n- Assisted service staff with the migration to a new iPad-based check-in system",
            "id": "73c26442-f4dc-47f8-864d-0df565bfc9c6",
            "items": [
              "Handled the check-in process for incoming customers",
              "Performed a number of simple maintenance tasks for customers (topping up windshield wash, retorquing lug nuts, refilling air in tires, etc.)",
              "Acted as tech support for customers, assisting them with tasks such as programming favourites into their radios, pairing their phones with their infotainment system, etc.",
              "Managed the fleet of service loaners in the absence of the main service cashier",
              "Assisted service staff with the migration to a new iPad-based check-in system"
            ],
            "prefix": "- ",
            "separator": "\n"
          },
          "private": "bnVsbA=="
        }
      ]
    },
    {
      "mode": "managed",
      "type": "gatsby_text_list",
      "name": "index",
      "provider": "provider.gatsby",
      "instances": [
        {
          "schema_version": 0,
          "attributes": {
            "contents": "Hi! I'm Riley. I'm a Full Stack Developer for [CoLab Software](https://www.colabsoftware.com)\n\n### Links\n\n- [Email](mailto:riley@rileyflynn.me)\n- [GitHub](https://github.com/nint8835)\n- [LinkedIn](https://www.linkedin.com/in/nint8835)\n- [Twitter](https://twitter.com/BootlegJohn)",
            "id": "a856683b-e0bf-4ba4-8afa-c6118033e569",
            "items": [
              "Hi! I'm Riley. I'm a Full Stack Developer for [CoLab Software](https://www.colabsoftware.com)",
              "",
              "### Links",
              "",
              "- [Email](mailto:riley@rileyflynn.me)\n- [GitHub](https://github.com/nint8835)\n- [LinkedIn](https://www.linkedin.com/in/nint8835)\n- [Twitter](https://twitter.com/BootlegJohn)"
            ],
            "prefix": "",
            "separator": "\n"
          },
          "private": "bnVsbA==",
          "dependencies": [
            "gatsby_text_heading.link_list_header",
            "gatsby_text_link.colab_link",
            "gatsby_text_link.link_list_link",
            "gatsby_text_list.link_list"
          ]
        }
      ]
    },
    {
      "mode": "managed",
      "type": "gatsby_text_list",
      "name": "link_list",
      "provider": "provider.gatsby",
      "instances": [
        {
          "schema_version": 0,
          "attributes": {
            "contents": "- [Email](mailto:riley@rileyflynn.me)\n- [GitHub](https://github.com/nint8835)\n- [LinkedIn](https://www.linkedin.com/in/nint8835)\n- [Twitter](https://twitter.com/BootlegJohn)",
            "id": "eb4d22cc-363e-422e-ac28-de5c835ee221",
            "items": [
              "[Email](mailto:riley@rileyflynn.me)",
              "[GitHub](https://github.com/nint8835)",
              "[LinkedIn](https://www.linkedin.com/in/nint8835)",
              "[Twitter](https://twitter.com/BootlegJohn)"
            ],
            "prefix": "- ",
            "separator": "\n"
          },
          "private": "bnVsbA==",
          "dependencies": [
            "gatsby_text_link.link_list_link"
          ]
        }
      ]
    },
    {
      "mode": "managed",
      "type": "gatsby_text_list",
      "name": "mun_contract_tasks",
      "provider": "provider.gatsby",
      "instances": [
        {
          "schema_version": 0,
          "attributes": {
            "contents": "- Rewrote site's search functionality to be more reliable and to return more relevant results\n- Discovered and resolved a number of security issues\n- Cleaned and wrote documentation for all backend code to make it easier for future developers to work with it\n- Added native PDF generation to the site, so PDF reports would be more accessible to people without the software or knowledge required\n- Fixed many bugs all over the site",
            "id": "ca96d32b-2c07-4346-b674-af6f4d209b94",
            "items": [
              "Rewrote site's search functionality to be more reliable and to return more relevant results",
              "Discovered and resolved a number of security issues",
              "Cleaned and wrote documentation for all backend code to make it easier for future developers to work with it",
              "Added native PDF generation to the site, so PDF reports would be more accessible to people without the software or knowledge required",
              "Fixed many bugs all over the site"
            ],
            "prefix": "- ",
            "separator": "\n"
          },
          "private": "bnVsbA=="
        }
      ]
    },
    {
      "mode": "managed",
      "type": "gatsby_text_list",
      "name": "mun_contract_tech",
      "provider": "provider.gatsby",
      "instances": [
        {
          "schema_version": 0,
          "attributes": {
            "contents": "- Docker\n- Django\n- Postgres",
            "id": "a533af3c-1e5c-4b3b-aea4-83d09e68fe16",
            "items": [
              "Docker",
              "Django",
              "Postgres"
            ],
            "prefix": "- ",
            "separator": "\n"
          },
          "private": "bnVsbA=="
        }
      ]
    },
    {
      "mode": "managed",
      "type": "gatsby_text_list",
      "name": "project_entry",
      "each": "map",
      "provider": "provider.gatsby",
      "instances": [
        {
          "index_key": "automata",
          "schema_version": 0,
          "attributes": {
            "contents": "![Automata](/2020/images/projects/Automata.png)\n\n## Automata\n\nDiscord bot responsible for managing the MUN Computer Science Society Discord server, providing a variety of services including identity verification.\n\n[GitHub](https://github.com/MUNComputerScienceSociety/Automata)",
            "id": "adee322b-25ed-4bee-9fb1-b732df376061",
            "items": [
              "![Automata](/2020/images/projects/Automata.png)",
              "## Automata",
              "Discord bot responsible for managing the MUN Computer Science Society Discord server, providing a variety of services including identity verification.",
              "[GitHub](https://github.com/MUNComputerScienceSociety/Automata)"
            ],
            "prefix": "",
            "separator": "\n\n"
          },
          "private": "bnVsbA==",
          "dependencies": [
            "gatsby_text_heading.project_heading",
            "gatsby_text_image.project_image",
            "gatsby_text_link.automata",
            "gatsby_text_link.chainmail",
            "gatsby_text_link.invitationasm",
            "gatsby_text_link.itunesrichpresence",
            "gatsby_text_link.jigsaw",
            "gatsby_text_link.jigsaw_docs",
            "gatsby_text_link.nintbotfordiscord",
            "gatsby_text_link.schooltracker",
            "gatsby_text_link.webrichpresence"
          ]
        },
        {
          "index_key": "chainmail",
          "schema_version": 0,
          "attributes": {
            "contents": "![Chainmail](/2020/images/projects/Chainmail.png)\n\n## Chainmail\n\nWraps around the vanilla Minecraft server, intercepting output and injecting input in order to add simple plugin support.\n\n[GitHub](https://github.com/Chainmail-Project/Chainmail)",
            "id": "f2960033-3437-4dd8-9235-62dae65bdb34",
            "items": [
              "![Chainmail](/2020/images/projects/Chainmail.png)",
              "## Chainmail",
              "Wraps around the vanilla Minecraft server, intercepting output and injecting input in order to add simple plugin support.",
              "[GitHub](https://github.com/Chainmail-Project/Chainmail)"
            ],
            "prefix": "",
            "separator": "\n\n"
          },
          "private": "bnVsbA==",
          "dependencies": [
            "gatsby_text_heading.project_heading",
            "gatsby_text_image.project_image",
            "gatsby_text_link.automata",
            "gatsby_text_link.chainmail",
            "gatsby_text_link.invitationasm",
            "gatsby_text_link.itunesrichpresence",
            "gatsby_text_link.jigsaw",
            "gatsby_text_link.jigsaw_docs",
            "gatsby_text_link.nintbotfordiscord",
            "gatsby_text_link.schooltracker",
            "gatsby_text_link.webrichpresence"
          ]
        },
        {
          "index_key": "invitationasm",
          "schema_version": 0,
          "attributes": {
            "contents": "![InvitationASM](/2020/images/projects/InvitationASM.png)\n\n## InvitationASM\n\nInterpreter for the assembly-styled language used to teach machine code and assembly in the course COMP1000 at Memorial University.\n\n[GitHub](https://github.com/nint8835/InvitationASM)",
            "id": "529fbc91-493f-446c-90b6-bed3d898c1f3",
            "items": [
              "![InvitationASM](/2020/images/projects/InvitationASM.png)",
              "## InvitationASM",
              "Interpreter for the assembly-styled language used to teach machine code and assembly in the course COMP1000 at Memorial University.",
              "[GitHub](https://github.com/nint8835/InvitationASM)"
            ],
            "prefix": "",
            "separator": "\n\n"
          },
          "private": "bnVsbA==",
          "dependencies": [
            "gatsby_text_heading.project_heading",
            "gatsby_text_image.project_image",
            "gatsby_text_link.automata",
            "gatsby_text_link.chainmail",
            "gatsby_text_link.invitationasm",
            "gatsby_text_link.itunesrichpresence",
            "gatsby_text_link.jigsaw",
            "gatsby_text_link.jigsaw_docs",
            "gatsby_text_link.nintbotfordiscord",
            "gatsby_text_link.schooltracker",
            "gatsby_text_link.webrichpresence"
          ]
        },
        {
          "index_key": "itunesrichpresence",
          "schema_version": 0,
          "attributes": {
            "contents": "![iTunesRichPresence](/2020/images/projects/iTunesRichPresence.png)\n\n## iTunesRichPresence\n\nUtilizes the iTunes COM interface and Discord's RPC and Rich Presence APIs to share various pieces of information about the currently played music with other Discord users.\n\n[GitHub](https://github.com/nint8835/iTunesRichPresence)",
            "id": "308e8e01-cac7-418c-9799-3e5df8a6a16a",
            "items": [
              "![iTunesRichPresence](/2020/images/projects/iTunesRichPresence.png)",
              "## iTunesRichPresence",
              "Utilizes the iTunes COM interface and Discord's RPC and Rich Presence APIs to share various pieces of information about the currently played music with other Discord users.",
              "[GitHub](https://github.com/nint8835/iTunesRichPresence)"
            ],
            "prefix": "",
            "separator": "\n\n"
          },
          "private": "bnVsbA==",
          "dependencies": [
            "gatsby_text_heading.project_heading",
            "gatsby_text_image.project_image",
            "gatsby_text_link.automata",
            "gatsby_text_link.chainmail",
            "gatsby_text_link.invitationasm",
            "gatsby_text_link.itunesrichpresence",
            "gatsby_text_link.jigsaw",
            "gatsby_text_link.jigsaw_docs",
            "gatsby_text_link.nintbotfordiscord",
            "gatsby_text_link.schooltracker",
            "gatsby_text_link.webrichpresence"
          ]
        },
        {
          "index_key": "jigsaw",
          "schema_version": 0,
          "attributes": {
            "contents": "![Jigsaw](/2020/images/projects/Jigsaw.png)\n\n## Jigsaw\n\nEasy to use library for adding plugin functionality to Python projects. Used to provide plugin functionality to Chainmail and NintbotForDiscord.\n\n[GitHub](https://github.com/nint8835/jigsaw) [Docs](https://jigsaw.readthedocs.io/en/latest/)",
            "id": "15949895-7e3a-4831-b467-e8e9a1fc55e3",
            "items": [
              "![Jigsaw](/2020/images/projects/Jigsaw.png)",
              "## Jigsaw",
              "Easy to use library for adding plugin functionality to Python projects. Used to provide plugin functionality to Chainmail and NintbotForDiscord.",
              "[GitHub](https://github.com/nint8835/jigsaw) [Docs](https://jigsaw.readthedocs.io/en/latest/)"
            ],
            "prefix": "",
            "separator": "\n\n"
          },
          "private": "bnVsbA==",
          "dependencies": [
            "gatsby_text_heading.project_heading",
            "gatsby_text_image.project_image",
            "gatsby_text_link.automata",
            "gatsby_text_link.chainmail",
            "gatsby_text_link.invitationasm",
            "gatsby_text_link.itunesrichpresence",
            "gatsby_text_link.jigsaw",
            "gatsby_text_link.jigsaw_docs",
            "gatsby_text_link.nintbotfordiscord",
            "gatsby_text_link.schooltracker",
            "gatsby_text_link.webrichpresence"
          ]
        },
        {
          "index_key": "nintbotfordiscord",
          "schema_version": 0,
          "attributes": {
            "contents": "![NintbotForDiscord](/2020/images/projects/NintbotForDiscord.png)\n\n## NintbotForDiscord\n\nOne of the very first modular bot frameworks for Discord.\n\n[GitHub](https://github.com/nint8835/NintbotForDiscord)",
            "id": "5ea33d92-db5a-45d1-aa54-d7e32f5e91b0",
            "items": [
              "![NintbotForDiscord](/2020/images/projects/NintbotForDiscord.png)",
              "## NintbotForDiscord",
              "One of the very first modular bot frameworks for Discord.",
              "[GitHub](https://github.com/nint8835/NintbotForDiscord)"
            ],
            "prefix": "",
            "separator": "\n\n"
          },
          "private": "bnVsbA==",
          "dependencies": [
            "gatsby_text_heading.project_heading",
            "gatsby_text_image.project_image",
            "gatsby_text_link.automata",
            "gatsby_text_link.chainmail",
            "gatsby_text_link.invitationasm",
            "gatsby_text_link.itunesrichpresence",
            "gatsby_text_link.jigsaw",
            "gatsby_text_link.jigsaw_docs",
            "gatsby_text_link.nintbotfordiscord",
            "gatsby_text_link.schooltracker",
            "gatsby_text_link.webrichpresence"
          ]
        },
        {
          "index_key": "schooltracker",
          "schema_version": 0,
          "attributes": {
            "contents": "![SchoolTracker](/2020/images/projects/SchoolTracker.png)\n\n## SchoolTracker\n\nScrapes the NLESD Status Central website to keep track of the status for various schools, tweeting out whenever one updates.\n\n[GitHub](https://github.com/nint8835/SchoolTracker)",
            "id": "bd3ac334-7a40-42de-92e8-dd7c0f821e61",
            "items": [
              "![SchoolTracker](/2020/images/projects/SchoolTracker.png)",
              "## SchoolTracker",
              "Scrapes the NLESD Status Central website to keep track of the status for various schools, tweeting out whenever one updates.",
              "[GitHub](https://github.com/nint8835/SchoolTracker)"
            ],
            "prefix": "",
            "separator": "\n\n"
          },
          "private": "bnVsbA==",
          "dependencies": [
            "gatsby_text_heading.project_heading",
            "gatsby_text_image.project_image",
            "gatsby_text_link.automata",
            "gatsby_text_link.chainmail",
            "gatsby_text_link.invitationasm",
            "gatsby_text_link.itunesrichpresence",
            "gatsby_text_link.jigsaw",
            "gatsby_text_link.jigsaw_docs",
            "gatsby_text_link.nintbotfordiscord",
            "gatsby_text_link.schooltracker",
            "gatsby_text_link.webrichpresence"
          ]
        },
        {
          "index_key": "webrichpresence",
          "schema_version": 0,
          "attributes": {
            "contents": "![WebRichPresence](/2020/images/projects/WebRichPresence.png)\n\n## WebRichPresence\n\nWeb API for controlling the Discord Rich Presence status for clients remotely. Client is open source and on GitHub, server is not.\n\n[GitHub (Client)](https://github.com/nint8835/WebRichPresence_Client)",
            "id": "977efdb5-0e70-4af6-9063-3ab47bbeb233",
            "items": [
              "![WebRichPresence](/2020/images/projects/WebRichPresence.png)",
              "## WebRichPresence",
              "Web API for controlling the Discord Rich Presence status for clients remotely. Client is open source and on GitHub, server is not.",
              "[GitHub (Client)](https://github.com/nint8835/WebRichPresence_Client)"
            ],
            "prefix": "",
            "separator": "\n\n"
          },
          "private": "bnVsbA==",
          "dependencies": [
            "gatsby_text_heading.project_heading",
            "gatsby_text_image.project_image",
            "gatsby_text_link.automata",
            "gatsby_text_link.chainmail",
            "gatsby_text_link.invitationasm",
            "gatsby_text_link.itunesrichpresence",
            "gatsby_text_link.jigsaw",
            "gatsby_text_link.jigsaw_docs",
            "gatsby_text_link.nintbotfordiscord",
            "gatsby_text_link.schooltracker",
            "gatsby_text_link.webrichpresence"
          ]
        }
      ]
    },
    {
      "mode": "managed",
      "type": "gatsby_text_list",
      "name": "projects_list",
      "provider": "provider.gatsby",
      "instances": [
        {
          "schema_version": 0,
          "attributes": {
            "contents": "![Automata](/2020/images/projects/Automata.png)\n\n## Automata\n\nDiscord bot responsible for managing the MUN Computer Science Society Discord server, providing a variety of services including identity verification.\n\n[GitHub](https://github.com/MUNComputerScienceSociety/Automata)\n\n---\n\n![Chainmail](/2020/images/projects/Chainmail.png)\n\n## Chainmail\n\nWraps around the vanilla Minecraft server, intercepting output and injecting input in order to add simple plugin support.\n\n[GitHub](https://github.com/Chainmail-Project/Chainmail)\n\n---\n\n![InvitationASM](/2020/images/projects/InvitationASM.png)\n\n## InvitationASM\n\nInterpreter for the assembly-styled language used to teach machine code and assembly in the course COMP1000 at Memorial University.\n\n[GitHub](https://github.com/nint8835/InvitationASM)\n\n---\n\n![iTunesRichPresence](/2020/images/projects/iTunesRichPresence.png)\n\n## iTunesRichPresence\n\nUtilizes the iTunes COM interface and Discord's RPC and Rich Presence APIs to share various pieces of information about the currently played music with other Discord users.\n\n[GitHub](https://github.com/nint8835/iTunesRichPresence)\n\n---\n\n![Jigsaw](/2020/images/projects/Jigsaw.png)\n\n## Jigsaw\n\nEasy to use library for adding plugin functionality to Python projects. Used to provide plugin functionality to Chainmail and NintbotForDiscord.\n\n[GitHub](https://github.com/nint8835/jigsaw) [Docs](https://jigsaw.readthedocs.io/en/latest/)\n\n---\n\n![NintbotForDiscord](/2020/images/projects/NintbotForDiscord.png)\n\n## NintbotForDiscord\n\nOne of the very first modular bot frameworks for Discord.\n\n[GitHub](https://github.com/nint8835/NintbotForDiscord)\n\n---\n\n![SchoolTracker](/2020/images/projects/SchoolTracker.png)\n\n## SchoolTracker\n\nScrapes the NLESD Status Central website to keep track of the status for various schools, tweeting out whenever one updates.\n\n[GitHub](https://github.com/nint8835/SchoolTracker)\n\n---\n\n![WebRichPresence](/2020/images/projects/WebRichPresence.png)\n\n## WebRichPresence\n\nWeb API for controlling the Discord Rich Presence status for clients remotely. Client is open source and on GitHub, server is not.\n\n[GitHub (Client)](https://github.com/nint8835/WebRichPresence_Client)",
            "id": "e6ca1956-1aa4-40a7-90e1-8b81bcd01081",
            "items": [
              "![Automata](/2020/images/projects/Automata.png)\n\n## Automata\n\nDiscord bot responsible for managing the MUN Computer Science Society Discord server, providing a variety of services including identity verification.\n\n[GitHub](https://github.com/MUNComputerScienceSociety/Automata)",
              "![Chainmail](/2020/images/projects/Chainmail.png)\n\n## Chainmail\n\nWraps around the vanilla Minecraft server, intercepting output and injecting input in order to add simple plugin support.\n\n[GitHub](https://github.com/Chainmail-Project/Chainmail)",
              "![InvitationASM](/2020/images/projects/InvitationASM.png)\n\n## InvitationASM\n\nInterpreter for the assembly-styled language used to teach machine code and assembly in the course COMP1000 at Memorial University.\n\n[GitHub](https://github.com/nint8835/InvitationASM)",
              "![iTunesRichPresence](/2020/images/projects/iTunesRichPresence.png)\n\n## iTunesRichPresence\n\nUtilizes the iTunes COM interface and Discord's RPC and Rich Presence APIs to share various pieces of information about the currently played music with other Discord users.\n\n[GitHub](https://github.com/nint8835/iTunesRichPresence)",
              "![Jigsaw](/2020/images/projects/Jigsaw.png)\n\n## Jigsaw\n\nEasy to use library for adding plugin functionality to Python projects. Used to provide plugin functionality to Chainmail and NintbotForDiscord.\n\n[GitHub](https://github.com/nint8835/jigsaw) [Docs](https://jigsaw.readthedocs.io/en/latest/)",
              "![NintbotForDiscord](/2020/images/projects/NintbotForDiscord.png)\n\n## NintbotForDiscord\n\nOne of the very first modular bot frameworks for Discord.\n\n[GitHub](https://github.com/nint8835/NintbotForDiscord)",
              "![SchoolTracker](/2020/images/projects/SchoolTracker.png)\n\n## SchoolTracker\n\nScrapes the NLESD Status Central website to keep track of the status for various schools, tweeting out whenever one updates.\n\n[GitHub](https://github.com/nint8835/SchoolTracker)",
              "![WebRichPresence](/2020/images/projects/WebRichPresence.png)\n\n## WebRichPresence\n\nWeb API for controlling the Discord Rich Presence status for clients remotely. Client is open source and on GitHub, server is not.\n\n[GitHub (Client)](https://github.com/nint8835/WebRichPresence_Client)"
            ],
            "prefix": "",
            "separator": "\n\n---\n\n"
          },
          "private": "bnVsbA==",
          "dependencies": [
            "gatsby_text_heading.project_heading",
            "gatsby_text_horizontal_rule.horizontal_rule",
            "gatsby_text_image.project_image",
            "gatsby_text_link.automata",
            "gatsby_text_link.chainmail",
            "gatsby_text_link.invitationasm",
            "gatsby_text_link.itunesrichpresence",
            "gatsby_text_link.jigsaw",
            "gatsby_text_link.jigsaw_docs",
            "gatsby_text_link.nintbotfordiscord",
            "gatsby_text_link.schooltracker",
            "gatsby_text_link.webrichpresence",
            "gatsby_text_list.project_entry"
          ]
        }
      ]
    },
    {
      "mode": "managed",
      "type": "gatsby_text_list",
      "name": "role_subtitle",
      "each": "map",
      "provider": "provider.gatsby",
      "instances": [
        {
          "index_key": "colab_fulltime",
          "schema_version": 0,
          "attributes": {
            "contents": "**Full Stack Developer** - _September 2019 - Present_",
            "id": "68c3fb7e-71be-480d-bdbc-ade1533997e9",
            "items": [
              "**Full Stack Developer**",
              "_September 2019 - Present_"
            ],
            "prefix": "",
            "separator": " - "
          },
          "private": "bnVsbA==",
          "dependencies": [
            "gatsby_text_bold.role_title",
            "gatsby_text_italic.role_duration",
            "gatsby_text_link.issf",
            "gatsby_text_list.hickmans_tasks",
            "gatsby_text_list.mun_contract_tasks",
            "gatsby_text_list.mun_contract_tech"
          ]
        },
        {
          "index_key": "colab_internship",
          "schema_version": 0,
          "attributes": {
            "contents": "**Full Stack Development Intern** - _April 2019 - September 2019_",
            "id": "fc14c63a-ab69-4d08-85e7-861d749311e4",
            "items": [
              "**Full Stack Development Intern**",
              "_April 2019 - September 2019_"
            ],
            "prefix": "",
            "separator": " - "
          },
          "private": "bnVsbA==",
          "dependencies": [
            "gatsby_text_bold.role_title",
            "gatsby_text_italic.role_duration",
            "gatsby_text_link.issf",
            "gatsby_text_list.hickmans_tasks",
            "gatsby_text_list.mun_contract_tasks",
            "gatsby_text_list.mun_contract_tech"
          ]
        },
        {
          "index_key": "hickmans",
          "schema_version": 0,
          "attributes": {
            "contents": "**Service Valet** - _May 2017 - August 2017, April 2018 - August 2018_",
            "id": "e604f2ff-6eb4-44f9-b902-52a603142fc9",
            "items": [
              "**Service Valet**",
              "_May 2017 - August 2017, April 2018 - August 2018_"
            ],
            "prefix": "",
            "separator": " - "
          },
          "private": "bnVsbA==",
          "dependencies": [
            "gatsby_text_bold.role_title",
            "gatsby_text_italic.role_duration",
            "gatsby_text_link.issf",
            "gatsby_text_list.hickmans_tasks",
            "gatsby_text_list.mun_contract_tasks",
            "gatsby_text_list.mun_contract_tech"
          ]
        },
        {
          "index_key": "mun_contract",
          "schema_version": 0,
          "attributes": {
            "contents": "**Software Developer** - _December 2018 - January 2019_",
            "id": "d2ced706-7dce-4201-aa7a-ea64958a1701",
            "items": [
              "**Software Developer**",
              "_December 2018 - January 2019_"
            ],
            "prefix": "",
            "separator": " - "
          },
          "private": "bnVsbA==",
          "dependencies": [
            "gatsby_text_bold.role_title",
            "gatsby_text_italic.role_duration",
            "gatsby_text_link.issf",
            "gatsby_text_list.hickmans_tasks",
            "gatsby_text_list.mun_contract_tasks",
            "gatsby_text_list.mun_contract_tech"
          ]
        },
        {
          "index_key": "mun_parttime",
          "schema_version": 0,
          "attributes": {
            "contents": "**System Administrator \u0026 Software Developer** - _January 2019 - April 2019_",
            "id": "0ac69f28-5188-4ae8-bc8c-0fbeaa1b7ca9",
            "items": [
              "**System Administrator \u0026 Software Developer**",
              "_January 2019 - April 2019_"
            ],
            "prefix": "",
            "separator": " - "
          },
          "private": "bnVsbA==",
          "dependencies": [
            "gatsby_text_bold.role_title",
            "gatsby_text_italic.role_duration",
            "gatsby_text_link.issf",
            "gatsby_text_list.hickmans_tasks",
            "gatsby_text_list.mun_contract_tasks",
            "gatsby_text_list.mun_contract_tech"
          ]
        }
      ]
    },
    {
      "mode": "managed",
      "type": "gatsby_text_list",
      "name": "work_contents",
      "provider": "provider.gatsby",
      "instances": [
        {
          "schema_version": 0,
          "attributes": {
            "contents": "![CoLab Software](/2020/images/work/colab-software.png)\n\n## CoLab Software\n\n**Full Stack Developer** - _September 2019 - Present_\n\nResponsible for working on many aspects of CoLab, a cloud-based design review and issue tracking platform.\n\n---\n\n**Full Stack Development Intern** - _April 2019 - September 2019_\n\nResponsible for working on many aspects of CoLab, a cloud-based design review and issue tracking platform.\n\n---\n\n![Memorial University of Newfoundland](/2020/images/work/memorial-university-of-newfoundland.png)\n\n## Memorial University of Newfoundland\n\n**System Administrator \u0026 Software Developer** - _January 2019 - April 2019_\n\nResponsible for handling the day-to-day technical management of [ISSF](https://github.com/toobigtoignore/issf) for Too Big To Ignore.\n\n---\n\n**Software Developer** - _December 2018 - January 2019_\n\nWorked as a contracted software developer over the Christmas break working on the backend of [ISSF](https://github.com/toobigtoignore/issf) for Too Big To Ignore.\n\nPerformed a number of tasks such as:\n\n- Rewrote site's search functionality to be more reliable and to return more relevant results\n- Discovered and resolved a number of security issues\n- Cleaned and wrote documentation for all backend code to make it easier for future developers to work with it\n- Added native PDF generation to the site, so PDF reports would be more accessible to people without the software or knowledge required\n- Fixed many bugs all over the site\n\nTechnologies used:\n\n- Docker\n- Django\n- Postgres\n\n\n---\n\n![Hickman Chevrolet Cadillac](/2020/images/work/hickman-chevrolet-cadillac.jpg)\n\n## Hickman Chevrolet Cadillac\n\n**Service Valet** - _May 2017 - August 2017, April 2018 - August 2018_\n\nWorked as a summer employee to perform a variety of tasks, such as:\n\n- Handled the check-in process for incoming customers\n- Performed a number of simple maintenance tasks for customers (topping up windshield wash, retorquing lug nuts, refilling air in tires, etc.)\n- Acted as tech support for customers, assisting them with tasks such as programming favourites into their radios, pairing their phones with their infotainment system, etc.\n- Managed the fleet of service loaners in the absence of the main service cashier\n- Assisted service staff with the migration to a new iPad-based check-in system\n",
            "id": "444816ef-2bdc-4327-a592-da5572b7c1d4",
            "items": [
              "![CoLab Software](/2020/images/work/colab-software.png)",
              "## CoLab Software",
              "**Full Stack Developer** - _September 2019 - Present_",
              "Responsible for working on many aspects of CoLab, a cloud-based design review and issue tracking platform.",
              "---",
              "**Full Stack Development Intern** - _April 2019 - September 2019_",
              "Responsible for working on many aspects of CoLab, a cloud-based design review and issue tracking platform.",
              "---",
              "![Memorial University of Newfoundland](/2020/images/work/memorial-university-of-newfoundland.png)",
              "## Memorial University of Newfoundland",
              "**System Administrator \u0026 Software Developer** - _January 2019 - April 2019_",
              "Responsible for handling the day-to-day technical management of [ISSF](https://github.com/toobigtoignore/issf) for Too Big To Ignore.",
              "---",
              "**Software Developer** - _December 2018 - January 2019_",
              "Worked as a contracted software developer over the Christmas break working on the backend of [ISSF](https://github.com/toobigtoignore/issf) for Too Big To Ignore.\n\nPerformed a number of tasks such as:\n\n- Rewrote site's search functionality to be more reliable and to return more relevant results\n- Discovered and resolved a number of security issues\n- Cleaned and wrote documentation for all backend code to make it easier for future developers to work with it\n- Added native PDF generation to the site, so PDF reports would be more accessible to people without the software or knowledge required\n- Fixed many bugs all over the site\n\nTechnologies used:\n\n- Docker\n- Django\n- Postgres\n",
              "---",
              "![Hickman Chevrolet Cadillac](/2020/images/work/hickman-chevrolet-cadillac.jpg)",
              "## Hickman Chevrolet Cadillac",
              "**Service Valet** - _May 2017 - August 2017, April 2018 - August 2018_",
              "Worked as a summer employee to perform a variety of tasks, such as:\n\n- Handled the check-in process for incoming customers\n- Performed a number of simple maintenance tasks for customers (topping up windshield wash, retorquing lug nuts, refilling air in tires, etc.)\n- Acted as tech support for customers, assisting them with tasks such as programming favourites into their radios, pairing their phones with their infotainment system, etc.\n- Managed the fleet of service loaners in the absence of the main service cashier\n- Assisted service staff with the migration to a new iPad-based check-in system\n"
            ],
            "prefix": "",
            "separator": "\n\n"
          },
          "private": "bnVsbA==",
          "dependencies": [
            "gatsby_text_bold.role_title",
            "gatsby_text_heading.colab",
            "gatsby_text_heading.hickmans",
            "gatsby_text_heading.mun",
            "gatsby_text_horizontal_rule.horizontal_rule",
            "gatsby_text_image.colab",
            "gatsby_text_image.hickmans",
            "gatsby_text_image.mun",
            "gatsby_text_italic.role_duration",
            "gatsby_text_link.issf",
            "gatsby_text_list.hickmans_tasks",
            "gatsby_text_list.mun_contract_tasks",
            "gatsby_text_list.mun_contract_tech",
            "gatsby_text_list.role_subtitle"
          ]
        }
      ]
    }
  ]
}
